// !$*UTF8*$!
{
	archiveVersion = 1;
	classes = {
	};
	objectVersion = 39;
	objects = {
		080E96DDFE201D6D7F000001 = {
			children = (
				F234C0150810E9B700175D50,
				F234C0160810E9B700175D50,
				F2AE88E707EB877D008F2193,
				F2AE88E807EB877D008F2193,
				F2AE890C07EB9BB7008F2193,
				F2AE890D07EB9BB7008F2193,
				F2F2641307EEA114006164BF,
				F2F3B72107F7B49400D9C639,
				F28F0C0907F5E642009BF709,
				F28F0C0A07F5E642009BF709,
				F299B06007FDF5F7006028C1,
				F299B06107FDF5F7006028C1,
			);
			isa = PBXGroup;
			name = Classes;
			refType = 4;
			sourceTree = "<group>";
		};
		089C165CFE840E0CC02AAC07 = {
			children = (
				089C165DFE840E0CC02AAC07,
			);
			isa = PBXVariantGroup;
			name = InfoPlist.strings;
			refType = 4;
			sourceTree = "<group>";
		};
		089C165DFE840E0CC02AAC07 = {
			fileEncoding = 10;
			isa = PBXFileReference;
			lastKnownFileType = text.plist.strings;
			name = English;
			path = English.lproj/InfoPlist.strings;
			refType = 4;
			sourceTree = "<group>";
		};
//080
//081
//082
//083
//084
//100
//101
//102
//103
//104
		1058C7A0FEA54F0111CA2CBB = {
			children = (
				F2F3B48207F7939100D9C639,
				1058C7A1FEA54F0111CA2CBB,
			);
			isa = PBXGroup;
			name = "Linked Frameworks";
			refType = 4;
			sourceTree = "<group>";
		};
		1058C7A1FEA54F0111CA2CBB = {
			isa = PBXFileReference;
			lastKnownFileType = wrapper.framework;
			name = Cocoa.framework;
			path = /System/Library/Frameworks/Cocoa.framework;
			refType = 0;
			sourceTree = "<absolute>";
		};
		1058C7A2FEA54F0111CA2CBB = {
			children = (
				29B97325FDCFA39411CA2CEA,
				29B97324FDCFA39411CA2CEA,
			);
			isa = PBXGroup;
			name = "Other Frameworks";
			refType = 4;
			sourceTree = "<group>";
		};
//100
//101
//102
//103
//104
//190
//191
//192
//193
//194
		19C28FACFE9D520D11CA2CBB = {
			children = (
				8D1107320486CEB800E47090,
			);
			isa = PBXGroup;
			name = Products;
			refType = 4;
			sourceTree = "<group>";
		};
//190
//191
//192
//193
//194
//290
//291
//292
//293
//294
		29B97313FDCFA39411CA2CEA = {
			buildSettings = {
			};
			buildStyles = (
				4A9504CCFFE6A4B311CA0CBA,
				4A9504CDFFE6A4B311CA0CBA,
			);
			hasScannedForEncodings = 1;
			isa = PBXProject;
			knownRegions = (
				English,
				Japanese,
				French,
				German,
				zh_TW,
			);
			mainGroup = 29B97314FDCFA39411CA2CEA;
			projectDirPath = "";
			targets = (
				8D1107260486CEB800E47090,
			);
		};
		29B97314FDCFA39411CA2CEA = {
			children = (
				080E96DDFE201D6D7F000001,
				29B97315FDCFA39411CA2CEA,
				29B97317FDCFA39411CA2CEA,
				29B97323FDCFA39411CA2CEA,
				19C28FACFE9D520D11CA2CBB,
			);
			isa = PBXGroup;
			name = creevey;
			path = "";
			refType = 4;
			sourceTree = "<group>";
		};
		29B97315FDCFA39411CA2CEA = {
			children = (
				F2097629081F51A300AD4E00,
				F209762A081F51A300AD4E00,
				F21F1A7808079DF100A77552,
				F21F1A7908079DF100A77552,
				F2AEF7B1081576EC00F25FF9,
				F2968B4608117F700082207C,
				F2F5418E080A3846008AE60F,
				F2F5418F080A3846008AE60F,
				F2968B70081183860082207C,
				F29CD2340800C372000B0F91,
				F29CD2350800C372000B0F91,
				32CA4F630368D1EE00C91783,
				29B97316FDCFA39411CA2CEA,
			);
			isa = PBXGroup;
			name = "Other Sources";
			path = "";
			refType = 4;
			sourceTree = "<group>";
		};
		29B97316FDCFA39411CA2CEA = {
			fileEncoding = 30;
			isa = PBXFileReference;
			lastKnownFileType = sourcecode.c.objc;
			path = main.m;
			refType = 4;
			sourceTree = "<group>";
		};
		29B97317FDCFA39411CA2CEA = {
			children = (
				F2029D2D0820B68D00CE44FA,
				F29447970820946000B932C1,
				F2C940B508200F6F0019D0D3,
				F29447A60820970100B932C1,
				F2097598081F3C4400AD4E00,
				F2AC5BEA0819F61700E5E5E6,
				F2910A4908198D5300D3878C,
				F2D2AC62080B82840075532A,
				8D1107310486CEB800E47090,
				089C165CFE840E0CC02AAC07,
				29B97318FDCFA39411CA2CEA,
			);
			isa = PBXGroup;
			name = Resources;
			path = "";
			refType = 4;
			sourceTree = "<group>";
		};
		29B97318FDCFA39411CA2CEA = {
			children = (
				29B97319FDCFA39411CA2CEA,
				F2910A840819A2E400D3878C,
			);
			isa = PBXVariantGroup;
			name = MainMenu.nib;
			path = "";
			refType = 4;
			sourceTree = "<group>";
		};
		29B97319FDCFA39411CA2CEA = {
			isa = PBXFileReference;
			lastKnownFileType = wrapper.nib;
			name = English;
			path = English.lproj/MainMenu.nib;
			refType = 4;
			sourceTree = "<group>";
		};
		29B97323FDCFA39411CA2CEA = {
			children = (
				1058C7A0FEA54F0111CA2CBB,
				1058C7A2FEA54F0111CA2CBB,
			);
			isa = PBXGroup;
			name = Frameworks;
			path = "";
			refType = 4;
			sourceTree = "<group>";
		};
		29B97324FDCFA39411CA2CEA = {
			isa = PBXFileReference;
			lastKnownFileType = wrapper.framework;
			name = AppKit.framework;
			path = /System/Library/Frameworks/AppKit.framework;
			refType = 0;
			sourceTree = "<absolute>";
		};
		29B97325FDCFA39411CA2CEA = {
			isa = PBXFileReference;
			lastKnownFileType = wrapper.framework;
			name = Foundation.framework;
			path = /System/Library/Frameworks/Foundation.framework;
			refType = 0;
			sourceTree = "<absolute>";
		};
//290
//291
//292
//293
//294
//320
//321
//322
//323
//324
		32CA4F630368D1EE00C91783 = {
			fileEncoding = 4;
			isa = PBXFileReference;
			lastKnownFileType = sourcecode.c.h;
			path = creevey_Prefix.pch;
			refType = 4;
			sourceTree = "<group>";
		};
//320
//321
//322
//323
//324
//4A0
//4A1
//4A2
//4A3
//4A4
		4A9504CCFFE6A4B311CA0CBA = {
			buildSettings = {
				COPY_PHASE_STRIP = NO;
				DEBUGGING_SYMBOLS = YES;
				GCC_DYNAMIC_NO_PIC = NO;
				GCC_ENABLE_FIX_AND_CONTINUE = YES;
				GCC_GENERATE_DEBUGGING_SYMBOLS = YES;
				GCC_OPTIMIZATION_LEVEL = 0;
				OPTIMIZATION_CFLAGS = "-O0";
				ZERO_LINK = YES;
			};
			isa = PBXBuildStyle;
			name = Development;
		};
		4A9504CDFFE6A4B311CA0CBA = {
			buildSettings = {
				COPY_PHASE_STRIP = YES;
				GCC_ENABLE_FIX_AND_CONTINUE = NO;
				ZERO_LINK = NO;
			};
			isa = PBXBuildStyle;
			name = Deployment;
		};
//4A0
//4A1
//4A2
//4A3
//4A4
//8D0
//8D1
//8D2
//8D3
//8D4
		8D1107260486CEB800E47090 = {
			buildPhases = (
				8D1107270486CEB800E47090,
				8D1107290486CEB800E47090,
				8D11072C0486CEB800E47090,
				8D11072E0486CEB800E47090,
			);
			buildRules = (
			);
			buildSettings = {
				FRAMEWORK_SEARCH_PATHS = /Users/dom/dev/creevey;
				GCC_ENABLE_TRIGRAPHS = NO;
				GCC_GENERATE_DEBUGGING_SYMBOLS = NO;
				GCC_OPTIMIZATION_LEVEL = s;
				GCC_PRECOMPILE_PREFIX_HEADER = YES;
				GCC_PREFIX_HEADER = creevey_Prefix.pch;
				GCC_WARN_ABOUT_MISSING_PROTOTYPES = NO;
				GCC_WARN_FOUR_CHARACTER_CONSTANTS = NO;
				GCC_WARN_UNKNOWN_PRAGMAS = NO;
				HEADER_SEARCH_PATHS = "";
				INFOPLIST_FILE = Info.plist;
				INSTALL_PATH = "$(HOME)/Applications";
				LIBRARY_SEARCH_PATHS = /Users/dom/dev/creevey;
				MACOSX_DEPLOYMENT_TARGET = 10.3;
				OTHER_CFLAGS = "";
				OTHER_LDFLAGS = "";
				PRODUCT_NAME = "Phoenix Slides";
				SECTORDER_FLAGS = "";
				WARNING_CFLAGS = "-Wmost -Wno-four-char-constants -Wno-unknown-pragmas";
				WRAPPER_EXTENSION = app;
			};
			dependencies = (
			);
			isa = PBXNativeTarget;
			name = "Phoenix Slides";
			productInstallPath = "$(HOME)/Applications";
			productName = creevey;
			productReference = 8D1107320486CEB800E47090;
			productType = "com.apple.product-type.application";
		};
		8D1107270486CEB800E47090 = {
			buildActionMask = 2147483647;
			files = (
				8D1107280486CEB800E47090,
				F2AE88E907EB877D008F2193,
				F2AE890E07EB9BB7008F2193,
				F2F2641507EEA114006164BF,
				F28F0C0B07F5E642009BF709,
				F299B06207FDF5F7006028C1,
				F29CD2360800C372000B0F91,
				F21F1A7A08079DF100A77552,
				F2F54190080A3846008AE60F,
				F2181F8D080CE1430065A5EF,
				F234C0170810E9B700175D50,
				F2AEF7A7081576DE00F25FF9,
				F2AEF7AA081576DE00F25FF9,
				F2AEF7AB081576DE00F25FF9,
				F2AEF7AD081576DE00F25FF9,
				F2AEF7C70815773900F25FF9,
				F2AEF7C80815773900F25FF9,
				F2AEF7D10815774700F25FF9,
				F209762B081F51A300AD4E00,
				F294471A08208B5C00B932C1,
			);
			isa = PBXHeadersBuildPhase;
			runOnlyForDeploymentPostprocessing = 0;
		};
		8D1107280486CEB800E47090 = {
			fileRef = 32CA4F630368D1EE00C91783;
			isa = PBXBuildFile;
			settings = {
			};
		};
		8D1107290486CEB800E47090 = {
			buildActionMask = 2147483647;
			files = (
				8D11072A0486CEB800E47090,
				8D11072B0486CEB800E47090,
				F2D2AC63080B82840075532A,
				F2910A4A08198D5300D3878C,
				F2AC5BEC0819F61700E5E5E6,
				F209759D081F3C4500AD4E00,
				F2C940B608200F6F0019D0D3,
				F29447980820946000B932C1,
				F29447A70820970100B932C1,
				F2029D2E0820B68D00CE44FA,
			);
			isa = PBXResourcesBuildPhase;
			runOnlyForDeploymentPostprocessing = 0;
		};
		8D11072A0486CEB800E47090 = {
			fileRef = 29B97318FDCFA39411CA2CEA;
			isa = PBXBuildFile;
			settings = {
			};
		};
		8D11072B0486CEB800E47090 = {
			fileRef = 089C165CFE840E0CC02AAC07;
			isa = PBXBuildFile;
			settings = {
			};
		};
		8D11072C0486CEB800E47090 = {
			buildActionMask = 2147483647;
			files = (
				8D11072D0486CEB800E47090,
				F2AE88EA07EB877D008F2193,
				F2AE890F07EB9BB7008F2193,
				F28F0C0C07F5E642009BF709,
				F2F3B72207F7B49400D9C639,
				F299B06307FDF5F7006028C1,
				F29CD2370800C372000B0F91,
				F21F1A7B08079DF100A77552,
				F2F54191080A3846008AE60F,
				F234C0180810E9B700175D50,
				F2968B71081183860082207C,
				F2AEF7A6081576DE00F25FF9,
				F2AEF7A8081576DE00F25FF9,
				F2AEF7AC081576DE00F25FF9,
				F209762C081F51A300AD4E00,
			);
			isa = PBXSourcesBuildPhase;
			runOnlyForDeploymentPostprocessing = 0;
		};
		8D11072D0486CEB800E47090 = {
			fileRef = 29B97316FDCFA39411CA2CEA;
			isa = PBXBuildFile;
			settings = {
				ATTRIBUTES = (
				);
			};
		};
		8D11072E0486CEB800E47090 = {
			buildActionMask = 2147483647;
			files = (
				8D11072F0486CEB800E47090,
				F2F3B48307F7939100D9C639,
				F2AEF7AE081576DE00F25FF9,
				F294470D08208AE400B932C1,
			);
			isa = PBXFrameworksBuildPhase;
			runOnlyForDeploymentPostprocessing = 0;
		};
		8D11072F0486CEB800E47090 = {
			fileRef = 1058C7A1FEA54F0111CA2CBB;
			isa = PBXBuildFile;
			settings = {
			};
		};
		8D1107310486CEB800E47090 = {
			fileEncoding = 4;
			isa = PBXFileReference;
			lastKnownFileType = text.plist;
			path = Info.plist;
			refType = 4;
			sourceTree = "<group>";
		};
		8D1107320486CEB800E47090 = {
			explicitFileType = wrapper.application;
			includeInIndex = 0;
			isa = PBXFileReference;
			path = "Phoenix Slides.app";
			refType = 3;
			sourceTree = BUILT_PRODUCTS_DIR;
		};
//8D0
//8D1
//8D2
//8D3
//8D4
//F20
//F21
//F22
//F23
//F24
		F2029D2D0820B68D00CE44FA = {
			isa = PBXFileReference;
			lastKnownFileType = image.icns;
			path = phxslides.icns;
			refType = 4;
			sourceTree = "<group>";
		};
		F2029D2E0820B68D00CE44FA = {
			fileRef = F2029D2D0820B68D00CE44FA;
			isa = PBXBuildFile;
			settings = {
			};
		};
		F2097598081F3C4400AD4E00 = {
			isa = PBXFileReference;
			lastKnownFileType = folder;
			path = "Phoenix Slides Help";
			refType = 4;
			sourceTree = "<group>";
		};
		F209759D081F3C4500AD4E00 = {
			fileRef = F2097598081F3C4400AD4E00;
			isa = PBXBuildFile;
			settings = {
			};
		};
		F2097629081F51A300AD4E00 = {
			fileEncoding = 4;
			isa = PBXFileReference;
			lastKnownFileType = sourcecode.c.h;
			path = NSStringDYBasePathExtension.h;
			refType = 4;
			sourceTree = "<group>";
		};
		F209762A081F51A300AD4E00 = {
			fileEncoding = 4;
			isa = PBXFileReference;
			lastKnownFileType = sourcecode.c.objc;
			path = NSStringDYBasePathExtension.m;
			refType = 4;
			sourceTree = "<group>";
		};
		F209762B081F51A300AD4E00 = {
			fileRef = F2097629081F51A300AD4E00;
			isa = PBXBuildFile;
			settings = {
			};
		};
		F209762C081F51A300AD4E00 = {
			fileRef = F209762A081F51A300AD4E00;
			isa = PBXBuildFile;
			settings = {
			};
		};
		F2181F8B080CE1430065A5EF = {
			fileEncoding = 4;
			isa = PBXFileReference;
			lastKnownFileType = sourcecode.c.h;
			path = RBSplitView.h;
			refType = 4;
			sourceTree = "<group>";
		};
		F2181F8D080CE1430065A5EF = {
			fileRef = F2181F8B080CE1430065A5EF;
			isa = PBXBuildFile;
			settings = {
			};
		};
		F21F1A7808079DF100A77552 = {
			fileEncoding = 4;
			isa = PBXFileReference;
			lastKnownFileType = sourcecode.c.h;
			path = NSArrayIndexSetExtension.h;
			refType = 4;
			sourceTree = "<group>";
		};
		F21F1A7908079DF100A77552 = {
			fileEncoding = 4;
			isa = PBXFileReference;
			lastKnownFileType = sourcecode.c.objc;
			path = NSArrayIndexSetExtension.m;
			refType = 4;
			sourceTree = "<group>";
		};
		F21F1A7A08079DF100A77552 = {
			fileRef = F21F1A7808079DF100A77552;
			isa = PBXBuildFile;
			settings = {
			};
		};
		F21F1A7B08079DF100A77552 = {
			fileRef = F21F1A7908079DF100A77552;
			isa = PBXBuildFile;
			settings = {
			};
		};
		F234C0150810E9B700175D50 = {
			fileEncoding = 4;
			isa = PBXFileReference;
			lastKnownFileType = sourcecode.c.h;
			path = DYImageCache.h;
			refType = 4;
			sourceTree = "<group>";
		};
		F234C0160810E9B700175D50 = {
			fileEncoding = 4;
			isa = PBXFileReference;
			lastKnownFileType = sourcecode.c.objc;
			path = DYImageCache.m;
			refType = 4;
			sourceTree = "<group>";
		};
		F234C0170810E9B700175D50 = {
			fileRef = F234C0150810E9B700175D50;
			isa = PBXBuildFile;
			settings = {
			};
		};
		F234C0180810E9B700175D50 = {
			fileRef = F234C0160810E9B700175D50;
			isa = PBXBuildFile;
			settings = {
			};
		};
		F28F0C0907F5E642009BF709 = {
			fileEncoding = 4;
			isa = PBXFileReference;
			lastKnownFileType = sourcecode.c.h;
			path = DYWrappingMatrix.h;
			refType = 4;
			sourceTree = "<group>";
		};
		F28F0C0A07F5E642009BF709 = {
			fileEncoding = 4;
			isa = PBXFileReference;
			lastKnownFileType = sourcecode.c.objc;
			path = DYWrappingMatrix.m;
			refType = 4;
			sourceTree = "<group>";
		};
		F28F0C0B07F5E642009BF709 = {
			fileRef = F28F0C0907F5E642009BF709;
			isa = PBXBuildFile;
			settings = {
			};
		};
		F28F0C0C07F5E642009BF709 = {
			fileRef = F28F0C0A07F5E642009BF709;
			isa = PBXBuildFile;
			settings = {
			};
		};
		F2910A4108198D2900D3878C = {
			fileEncoding = 10;
			isa = PBXFileReference;
			lastKnownFileType = text.plist.strings;
			name = English;
			path = English.lproj/Localizable.strings;
			refType = 4;
			sourceTree = "<group>";
		};
		F2910A4908198D5300D3878C = {
			children = (
				F2910A4108198D2900D3878C,
				F2910A4B08198D6100D3878C,
			);
			isa = PBXVariantGroup;
			name = Localizable.strings;
			refType = 4;
			sourceTree = "<group>";
		};
		F2910A4A08198D5300D3878C = {
			fileRef = F2910A4908198D5300D3878C;
			isa = PBXBuildFile;
			settings = {
			};
		};
		F2910A4B08198D6100D3878C = {
			isa = PBXFileReference;
			lastKnownFileType = text.plist.strings;
			name = zh_TW;
			path = zh_TW.lproj/Localizable.strings;
			refType = 4;
			sourceTree = "<group>";
		};
		F2910A840819A2E400D3878C = {
			isa = PBXFileReference;
			lastKnownFileType = wrapper.nib;
			name = zh_TW;
			path = zh_TW.lproj/MainMenu.nib;
			refType = 4;
			sourceTree = "<group>";
		};
		F294470C08208AE400B932C1 = {
			isa = PBXFileReference;
			lastKnownFileType = archive.ar;
			path = libRBSplitView.a;
			refType = 4;
			sourceTree = "<group>";
		};
		F294470D08208AE400B932C1 = {
			fileRef = F294470C08208AE400B932C1;
			isa = PBXBuildFile;
			settings = {
			};
		};
		F294471908208B5C00B932C1 = {
			fileEncoding = 4;
			isa = PBXFileReference;
			lastKnownFileType = sourcecode.c.h;
			path = RBSplitSubview.h;
			refType = 4;
			sourceTree = "<group>";
		};
		F294471A08208B5C00B932C1 = {
			fileRef = F294471908208B5C00B932C1;
			isa = PBXBuildFile;
			settings = {
			};
		};
		F29447970820946000B932C1 = {
			fileEncoding = 4;
			isa = PBXFileReference;
			lastKnownFileType = text.html;
			path = Credits.html;
			refType = 4;
			sourceTree = "<group>";
		};
		F29447980820946000B932C1 = {
			fileRef = F29447970820946000B932C1;
			isa = PBXBuildFile;
			settings = {
			};
		};
		F29447A60820970100B932C1 = {
			isa = PBXFileReference;
			lastKnownFileType = image.tiff;
			path = logo.tiff;
			refType = 4;
			sourceTree = "<group>";
		};
		F29447A70820970100B932C1 = {
			fileRef = F29447A60820970100B932C1;
			isa = PBXBuildFile;
			settings = {
			};
		};
		F2968B4608117F700082207C = {
			children = (
				F2181F8B080CE1430065A5EF,
				F294471908208B5C00B932C1,
				F294470C08208AE400B932C1,
			);
			isa = PBXGroup;
			name = RBSplitView;
			refType = 4;
			sourceTree = "<group>";
		};
		F2968B70081183860082207C = {
			fileEncoding = 4;
			isa = PBXFileReference;
			lastKnownFileType = sourcecode.c.objc;
			path = HorribleNSBrowserFix.m;
			refType = 4;
			sourceTree = "<group>";
		};
		F2968B71081183860082207C = {
			fileRef = F2968B70081183860082207C;
			isa = PBXBuildFile;
			settings = {
			};
		};
		F299B06007FDF5F7006028C1 = {
			fileEncoding = 4;
			isa = PBXFileReference;
			lastKnownFileType = sourcecode.c.h;
			path = DYImageView.h;
			refType = 4;
			sourceTree = "<group>";
		};
		F299B06107FDF5F7006028C1 = {
			fileEncoding = 4;
			isa = PBXFileReference;
			lastKnownFileType = sourcecode.c.objc;
			path = DYImageView.m;
			refType = 4;
			sourceTree = "<group>";
		};
		F299B06207FDF5F7006028C1 = {
			fileRef = F299B06007FDF5F7006028C1;
			isa = PBXBuildFile;
			settings = {
			};
		};
		F299B06307FDF5F7006028C1 = {
			fileRef = F299B06107FDF5F7006028C1;
			isa = PBXBuildFile;
			settings = {
			};
		};
		F29CD2340800C372000B0F91 = {
			fileEncoding = 4;
			isa = PBXFileReference;
			lastKnownFileType = sourcecode.c.h;
			path = DYCarbonGoodies.h;
			refType = 4;
			sourceTree = "<group>";
		};
		F29CD2350800C372000B0F91 = {
			fileEncoding = 4;
			isa = PBXFileReference;
			lastKnownFileType = sourcecode.c.objc;
			path = DYCarbonGoodies.m;
			refType = 4;
			sourceTree = "<group>";
		};
		F29CD2360800C372000B0F91 = {
			fileRef = F29CD2340800C372000B0F91;
			isa = PBXBuildFile;
			settings = {
			};
		};
		F29CD2370800C372000B0F91 = {
			fileRef = F29CD2350800C372000B0F91;
			isa = PBXBuildFile;
			settings = {
			};
		};
		F2AC5BEA0819F61700E5E5E6 = {
			children = (
				F2AC5BEB0819F61700E5E5E6,
				F2AC5BEF0819F62C00E5E5E6,
			);
			isa = PBXVariantGroup;
			name = creeveyhelp.rtf;
			path = "";
			refType = 4;
			sourceTree = "<group>";
		};
		F2AC5BEB0819F61700E5E5E6 = {
			isa = PBXFileReference;
			lastKnownFileType = text.rtf;
			name = zh_TW;
			path = zh_TW.lproj/creeveyhelp.rtf;
			refType = 4;
			sourceTree = "<group>";
		};
		F2AC5BEC0819F61700E5E5E6 = {
			fileRef = F2AC5BEA0819F61700E5E5E6;
			isa = PBXBuildFile;
			settings = {
			};
		};
		F2AC5BEF0819F62C00E5E5E6 = {
			isa = PBXFileReference;
			lastKnownFileType = text.rtf;
			name = English;
			path = English.lproj/creeveyhelp.rtf;
			refType = 4;
			sourceTree = "<group>";
		};
		F2AE88E707EB877D008F2193 = {
			fileEncoding = 4;
			isa = PBXFileReference;
			lastKnownFileType = sourcecode.c.h;
			path = DirBrowserDelegate.h;
			refType = 4;
			sourceTree = "<group>";
		};
		F2AE88E807EB877D008F2193 = {
			fileEncoding = 4;
			isa = PBXFileReference;
			lastKnownFileType = sourcecode.c.objc;
			path = DirBrowserDelegate.m;
			refType = 4;
			sourceTree = "<group>";
		};
		F2AE88E907EB877D008F2193 = {
			fileRef = F2AE88E707EB877D008F2193;
			isa = PBXBuildFile;
			settings = {
			};
		};
		F2AE88EA07EB877D008F2193 = {
			fileRef = F2AE88E807EB877D008F2193;
			isa = PBXBuildFile;
			settings = {
			};
		};
		F2AE890C07EB9BB7008F2193 = {
			fileEncoding = 4;
			isa = PBXFileReference;
			lastKnownFileType = sourcecode.c.h;
			path = CreeveyController.h;
			refType = 4;
			sourceTree = "<group>";
		};
		F2AE890D07EB9BB7008F2193 = {
			fileEncoding = 4;
			isa = PBXFileReference;
			lastKnownFileType = sourcecode.c.objc;
			path = CreeveyController.m;
			refType = 4;
			sourceTree = "<group>";
		};
		F2AE890E07EB9BB7008F2193 = {
			fileRef = F2AE890C07EB9BB7008F2193;
			isa = PBXBuildFile;
			settings = {
			};
		};
		F2AE890F07EB9BB7008F2193 = {
			fileRef = F2AE890D07EB9BB7008F2193;
			isa = PBXBuildFile;
			settings = {
			};
		};
		F2AEF79D081576DE00F25FF9 = {
			fileEncoding = 4;
			isa = PBXFileReference;
			lastKnownFileType = sourcecode.c.c;
			path = epeg_memfile.c;
			refType = 4;
			sourceTree = "<group>";
		};
		F2AEF79E081576DE00F25FF9 = {
			fileEncoding = 4;
			isa = PBXFileReference;
			lastKnownFileType = sourcecode.c.h;
			path = epeg_private.h;
			refType = 4;
			sourceTree = "<group>";
		};
		F2AEF79F081576DE00F25FF9 = {
			fileEncoding = 4;
			isa = PBXFileReference;
			lastKnownFileType = sourcecode.c.c;
			path = epeg_main.c;
			refType = 4;
			sourceTree = "<group>";
		};
		F2AEF7A1081576DE00F25FF9 = {
			fileEncoding = 4;
			isa = PBXFileReference;
			lastKnownFileType = sourcecode.c.h;
			path = EpegWrapper.h;
			refType = 4;
			sourceTree = "<group>";
		};
		F2AEF7A2081576DE00F25FF9 = {
			fileEncoding = 4;
			isa = PBXFileReference;
			lastKnownFileType = sourcecode.c.h;
			path = Epeg.h;
			refType = 4;
			sourceTree = "<group>";
		};
		F2AEF7A3081576DE00F25FF9 = {
			fileEncoding = 4;
			isa = PBXFileReference;
			lastKnownFileType = sourcecode.c.objc;
			path = EpegWrapper.m;
			refType = 4;
			sourceTree = "<group>";
		};
		F2AEF7A4081576DE00F25FF9 = {
			fileEncoding = 4;
			isa = PBXFileReference;
			lastKnownFileType = sourcecode.c.h;
			path = jpeglib.h;
			refType = 4;
			sourceTree = "<group>";
		};
		F2AEF7A5081576DE00F25FF9 = {
			isa = PBXFileReference;
			lastKnownFileType = archive.ar;
			path = libjpeg.a;
			refType = 4;
			sourceTree = "<group>";
		};
		F2AEF7A6081576DE00F25FF9 = {
			fileRef = F2AEF79D081576DE00F25FF9;
			isa = PBXBuildFile;
			settings = {
			};
		};
		F2AEF7A7081576DE00F25FF9 = {
			fileRef = F2AEF79E081576DE00F25FF9;
			isa = PBXBuildFile;
			settings = {
			};
		};
		F2AEF7A8081576DE00F25FF9 = {
			fileRef = F2AEF79F081576DE00F25FF9;
			isa = PBXBuildFile;
			settings = {
			};
		};
		F2AEF7AA081576DE00F25FF9 = {
			fileRef = F2AEF7A1081576DE00F25FF9;
			isa = PBXBuildFile;
			settings = {
			};
		};
		F2AEF7AB081576DE00F25FF9 = {
			fileRef = F2AEF7A2081576DE00F25FF9;
			isa = PBXBuildFile;
			settings = {
			};
		};
		F2AEF7AC081576DE00F25FF9 = {
			fileRef = F2AEF7A3081576DE00F25FF9;
			isa = PBXBuildFile;
			settings = {
			};
		};
		F2AEF7AD081576DE00F25FF9 = {
			fileRef = F2AEF7A4081576DE00F25FF9;
			isa = PBXBuildFile;
			settings = {
			};
		};
		F2AEF7AE081576DE00F25FF9 = {
			fileRef = F2AEF7A5081576DE00F25FF9;
			isa = PBXBuildFile;
			settings = {
			};
		};
		F2AEF7B1081576EC00F25FF9 = {
			children = (
				F2AEF7A1081576DE00F25FF9,
				F2AEF7A3081576DE00F25FF9,
				F2AEF7A2081576DE00F25FF9,
				F2AEF79E081576DE00F25FF9,
				F2AEF79F081576DE00F25FF9,
				F2AEF79D081576DE00F25FF9,
				F2AEF7D00815774700F25FF9,
				F2AEF7C50815773900F25FF9,
				F2AEF7C60815773900F25FF9,
				F2AEF7A4081576DE00F25FF9,
				F2AEF7A5081576DE00F25FF9,
			);
			isa = PBXGroup;
			name = Epeg;
			refType = 4;
			sourceTree = "<group>";
		};
		F2AEF7C50815773900F25FF9 = {
			fileEncoding = 4;
			isa = PBXFileReference;
			lastKnownFileType = sourcecode.c.h;
			path = jmorecfg.h;
			refType = 4;
			sourceTree = "<group>";
		};
		F2AEF7C60815773900F25FF9 = {
			fileEncoding = 4;
			isa = PBXFileReference;
			lastKnownFileType = sourcecode.c.h;
			path = jconfig.h;
			refType = 4;
			sourceTree = "<group>";
		};
		F2AEF7C70815773900F25FF9 = {
			fileRef = F2AEF7C50815773900F25FF9;
			isa = PBXBuildFile;
			settings = {
			};
		};
		F2AEF7C80815773900F25FF9 = {
			fileRef = F2AEF7C60815773900F25FF9;
			isa = PBXBuildFile;
			settings = {
			};
		};
		F2AEF7D00815774700F25FF9 = {
			fileEncoding = 4;
			isa = PBXFileReference;
			lastKnownFileType = sourcecode.c.h;
			path = config.h;
			refType = 4;
			sourceTree = "<group>";
		};
		F2AEF7D10815774700F25FF9 = {
			fileRef = F2AEF7D00815774700F25FF9;
			isa = PBXBuildFile;
			settings = {
			};
		};
		F2C940B508200F6F0019D0D3 = {
			isa = PBXFileReference;
			lastKnownFileType = image.gif;
			path = multipledocs.gif;
			refType = 4;
			sourceTree = "<group>";
		};
		F2C940B608200F6F0019D0D3 = {
			fileRef = F2C940B508200F6F0019D0D3;
			isa = PBXBuildFile;
			settings = {
			};
		};
		F2D2AC62080B82840075532A = {
			isa = PBXFileReference;
			lastKnownFileType = image.tiff;
			path = brokendoc.tif;
			refType = 4;
			sourceTree = "<group>";
		};
		F2D2AC63080B82840075532A = {
			fileRef = F2D2AC62080B82840075532A;
			isa = PBXBuildFile;
			settings = {
			};
		};
		F2F2641307EEA114006164BF = {
			fileEncoding = 4;
			isa = PBXFileReference;
			lastKnownFileType = sourcecode.c.h;
			path = SlideshowWindow.h;
			refType = 4;
			sourceTree = "<group>";
		};
		F2F2641507EEA114006164BF = {
			fileRef = F2F2641307EEA114006164BF;
			isa = PBXBuildFile;
			settings = {
			};
		};
		F2F3B48207F7939100D9C639 = {
			isa = PBXFileReference;
			lastKnownFileType = wrapper.framework;
			name = Carbon.framework;
			path = /System/Library/Frameworks/Carbon.framework;
			refType = 0;
			sourceTree = "<absolute>";
		};
		F2F3B48307F7939100D9C639 = {
			fileRef = F2F3B48207F7939100D9C639;
			isa = PBXBuildFile;
			settings = {
			};
		};
		F2F3B72107F7B49400D9C639 = {
			fileEncoding = 4;
			isa = PBXFileReference;
			lastKnownFileType = sourcecode.c.objc;
			path = SlideshowWindow.m;
			refType = 4;
			sourceTree = "<group>";
		};
		F2F3B72207F7B49400D9C639 = {
			fileRef = F2F3B72107F7B49400D9C639;
			isa = PBXBuildFile;
			settings = {
			};
		};
		F2F5418E080A3846008AE60F = {
			fileEncoding = 4;
			isa = PBXFileReference;
			lastKnownFileType = sourcecode.c.h;
			path = DYCreeveyBrowser.h;
			refType = 4;
			sourceTree = "<group>";
		};
		F2F5418F080A3846008AE60F = {
			fileEncoding = 4;
			isa = PBXFileReference;
			lastKnownFileType = sourcecode.c.objc;
			path = DYCreeveyBrowser.m;
			refType = 4;
			sourceTree = "<group>";
		};
		F2F54190080A3846008AE60F = {
			fileRef = F2F5418E080A3846008AE60F;
			isa = PBXBuildFile;
			settings = {
			};
		};
		F2F54191080A3846008AE60F = {
			fileRef = F2F5418F080A3846008AE60F;
			isa = PBXBuildFile;
			settings = {
			};
		};
	};
	rootObject = 29B97313FDCFA39411CA2CEA;
}
