// !$*UTF8*$!
{
	archiveVersion = 1;
	classes = {
	};
	objectVersion = 46;
	objects = {

/* Begin PBXBuildFile section */
		8D1107280486CEB800E47090 /* creevey_Prefix.pch in Headers */ = {isa = PBXBuildFile; fileRef = 32CA4F630368D1EE00C91783 /* creevey_Prefix.pch */; };
		8D11072B0486CEB800E47090 /* InfoPlist.strings in Resources */ = {isa = PBXBuildFile; fileRef = 089C165CFE840E0CC02AAC07 /* InfoPlist.strings */; };
		8D11072D0486CEB800E47090 /* main.m in Sources */ = {isa = PBXBuildFile; fileRef = 29B97316FDCFA39411CA2CEA /* main.m */; settings = {ATTRIBUTES = (); }; };
		8D11072F0486CEB800E47090 /* Cocoa.framework in Frameworks */ = {isa = PBXBuildFile; fileRef = 1058C7A1FEA54F0111CA2CBB /* Cocoa.framework */; };
		F2029D2E0820B68D00CE44FA /* phxslides.icns in Resources */ = {isa = PBXBuildFile; fileRef = F2029D2D0820B68D00CE44FA /* phxslides.icns */; };
		F202E2B719170B9800EDDCEC /* DYJpegtranPanel.xib in Resources */ = {isa = PBXBuildFile; fileRef = F202E2B519170B9800EDDCEC /* DYJpegtranPanel.xib */; };
		F202E2C319170DCD00EDDCEC /* CreeveyWindow.xib in Resources */ = {isa = PBXBuildFile; fileRef = F202E2C119170DCD00EDDCEC /* CreeveyWindow.xib */; };
		F202E2CB19170E4900EDDCEC /* MainMenu.xib in Resources */ = {isa = PBXBuildFile; fileRef = F202E2C919170E4900EDDCEC /* MainMenu.xib */; };
		F209762B081F51A300AD4E00 /* NSStringDYBasePathExtension.h in Headers */ = {isa = PBXBuildFile; fileRef = F2097629081F51A300AD4E00 /* NSStringDYBasePathExtension.h */; };
		F209762C081F51A300AD4E00 /* NSStringDYBasePathExtension.m in Sources */ = {isa = PBXBuildFile; fileRef = F209762A081F51A300AD4E00 /* NSStringDYBasePathExtension.m */; };
		F20A7A4C0A85E1E300F4221C /* UKPrefsPanel.h in Headers */ = {isa = PBXBuildFile; fileRef = F20A7A4A0A85E1E300F4221C /* UKPrefsPanel.h */; };
		F20A7A4D0A85E1E300F4221C /* UKPrefsPanel.m in Sources */ = {isa = PBXBuildFile; fileRef = F20A7A4B0A85E1E300F4221C /* UKPrefsPanel.m */; };
		F20ACC0E088E011A004CFE14 /* DYJpegtranPanel.h in Headers */ = {isa = PBXBuildFile; fileRef = F20ACC0C088E011A004CFE14 /* DYJpegtranPanel.h */; };
		F20ACC0F088E011A004CFE14 /* DYJpegtranPanel.m in Sources */ = {isa = PBXBuildFile; fileRef = F20ACC0D088E011A004CFE14 /* DYJpegtranPanel.m */; };
		F20DC2910886240400986105 /* CreeveyMainWindowController.h in Headers */ = {isa = PBXBuildFile; fileRef = F20DC28F0886240400986105 /* CreeveyMainWindowController.h */; };
		F20DC2920886240400986105 /* CreeveyMainWindowController.m in Sources */ = {isa = PBXBuildFile; fileRef = F20DC2900886240400986105 /* CreeveyMainWindowController.m */; };
		F21AD0D40892B49F0054EA35 /* Phoenix Slides Help in Resources */ = {isa = PBXBuildFile; fileRef = F21AD0D30892B49F0054EA35 /* Phoenix Slides Help */; };
		F234C0170810E9B700175D50 /* DYImageCache.h in Headers */ = {isa = PBXBuildFile; fileRef = F234C0150810E9B700175D50 /* DYImageCache.h */; };
		F234C0180810E9B700175D50 /* DYImageCache.m in Sources */ = {isa = PBXBuildFile; fileRef = F234C0160810E9B700175D50 /* DYImageCache.m */; };
		F23DC5130A86CEF7005E49FD /* slideshow.tif in Resources */ = {isa = PBXBuildFile; fileRef = F23DC5120A86CEF7005E49FD /* slideshow.tif */; };
		F254E96F08919E2B00DE9C38 /* makers.h in Headers */ = {isa = PBXBuildFile; fileRef = F254E96D08919E2B00DE9C38 /* makers.h */; };
		F254E97008919E2B00DE9C38 /* makers.c in Sources */ = {isa = PBXBuildFile; fileRef = F254E96E08919E2B00DE9C38 /* makers.c */; };
		F254E9940891A7FB00DE9C38 /* EXIF.strings in Resources */ = {isa = PBXBuildFile; fileRef = F254E9930891A7FB00DE9C38 /* EXIF.strings */; };
		F25EA27C0867329C003728C2 /* config.h in Headers */ = {isa = PBXBuildFile; fileRef = F25EA2710867329C003728C2 /* config.h */; };
		F25EA2810867329C003728C2 /* EpegWrapper.m in Sources */ = {isa = PBXBuildFile; fileRef = F25EA2760867329C003728C2 /* EpegWrapper.m */; };
		F25EA2820867329C003728C2 /* EpegWrapper.h in Headers */ = {isa = PBXBuildFile; fileRef = F25EA2770867329C003728C2 /* EpegWrapper.h */; };
		F25EA2830867329C003728C2 /* epeg_private.h in Headers */ = {isa = PBXBuildFile; fileRef = F25EA2780867329C003728C2 /* epeg_private.h */; };
		F25EA2840867329C003728C2 /* epeg_memfile.c in Sources */ = {isa = PBXBuildFile; fileRef = F25EA2790867329C003728C2 /* epeg_memfile.c */; };
		F25EA2850867329C003728C2 /* epeg_main.c in Sources */ = {isa = PBXBuildFile; fileRef = F25EA27A0867329C003728C2 /* epeg_main.c */; };
		F25EA2860867329C003728C2 /* Epeg.h in Headers */ = {isa = PBXBuildFile; fileRef = F25EA27B0867329C003728C2 /* Epeg.h */; };
		F261A049182B5ED4001D9336 /* loading.png in Resources */ = {isa = PBXBuildFile; fileRef = F261A048182B5ED4001D9336 /* loading.png */; };
		F262D802089AE58200CD3701 /* DYVersChecker.h in Headers */ = {isa = PBXBuildFile; fileRef = F262D800089AE58200CD3701 /* DYVersChecker.h */; };
		F262D803089AE58200CD3701 /* DYVersChecker.m in Sources */ = {isa = PBXBuildFile; fileRef = F262D801089AE58200CD3701 /* DYVersChecker.m */; };
		F2711712182AADE6008F97E1 /* DYRandomizableArray.h in Headers */ = {isa = PBXBuildFile; fileRef = F2711710182AADE6008F97E1 /* DYRandomizableArray.h */; };
		F2711713182AADE6008F97E1 /* DYRandomizableArray.m in Sources */ = {isa = PBXBuildFile; fileRef = F2711711182AADE6008F97E1 /* DYRandomizableArray.m */; };
		F276A7461B4095F50045E67A /* ThumbnailContextMenu.xib in Resources */ = {isa = PBXBuildFile; fileRef = F276A7481B4095F50045E67A /* ThumbnailContextMenu.xib */; };
		F28C1E1D0A86723000682516 /* general.gif in Resources */ = {isa = PBXBuildFile; fileRef = F28C1E1C0A86723000682516 /* general.gif */; };
		F28CA6B1085DF4590045386B /* NSIndexSetSymDiffExtension.h in Headers */ = {isa = PBXBuildFile; fileRef = F28CA6AF085DF4590045386B /* NSIndexSetSymDiffExtension.h */; };
		F28CA6B2085DF4590045386B /* NSIndexSetSymDiffExtension.m in Sources */ = {isa = PBXBuildFile; fileRef = F28CA6B0085DF4590045386B /* NSIndexSetSymDiffExtension.m */; };
		F28F0C0B07F5E642009BF709 /* DYWrappingMatrix.h in Headers */ = {isa = PBXBuildFile; fileRef = F28F0C0907F5E642009BF709 /* DYWrappingMatrix.h */; };
		F28F0C0C07F5E642009BF709 /* DYWrappingMatrix.m in Sources */ = {isa = PBXBuildFile; fileRef = F28F0C0A07F5E642009BF709 /* DYWrappingMatrix.m */; };
		F2910A4A08198D5300D3878C /* Localizable.strings in Resources */ = {isa = PBXBuildFile; fileRef = F2910A4908198D5300D3878C /* Localizable.strings */; };
		F29447980820946000B932C1 /* Credits.html in Resources */ = {isa = PBXBuildFile; fileRef = F29447970820946000B932C1 /* Credits.html */; };
		F29447A70820970100B932C1 /* logo.tiff in Resources */ = {isa = PBXBuildFile; fileRef = F29447A60820970100B932C1 /* logo.tiff */; };
		F299B06207FDF5F7006028C1 /* DYImageView.h in Headers */ = {isa = PBXBuildFile; fileRef = F299B06007FDF5F7006028C1 /* DYImageView.h */; };
		F299B06307FDF5F7006028C1 /* DYImageView.m in Sources */ = {isa = PBXBuildFile; fileRef = F299B06107FDF5F7006028C1 /* DYImageView.m */; };
		F29C7B591825990500B7E6E6 /* UKFileWatcher.m in Sources */ = {isa = PBXBuildFile; fileRef = F29C7B581825990500B7E6E6 /* UKFileWatcher.m */; };
		F29CD2360800C372000B0F91 /* DYCarbonGoodies.h in Headers */ = {isa = PBXBuildFile; fileRef = F29CD2340800C372000B0F91 /* DYCarbonGoodies.h */; };
		F29CD2370800C372000B0F91 /* DYCarbonGoodies.m in Sources */ = {isa = PBXBuildFile; fileRef = F29CD2350800C372000B0F91 /* DYCarbonGoodies.m */; };
		F2AC5BEC0819F61700E5E5E6 /* creeveyhelp.rtf in Resources */ = {isa = PBXBuildFile; fileRef = F2AC5BEA0819F61700E5E5E6 /* creeveyhelp.rtf */; };
		F2AE88E907EB877D008F2193 /* DirBrowserDelegate.h in Headers */ = {isa = PBXBuildFile; fileRef = F2AE88E707EB877D008F2193 /* DirBrowserDelegate.h */; };
		F2AE88EA07EB877D008F2193 /* DirBrowserDelegate.m in Sources */ = {isa = PBXBuildFile; fileRef = F2AE88E807EB877D008F2193 /* DirBrowserDelegate.m */; };
		F2AE890E07EB9BB7008F2193 /* CreeveyController.h in Headers */ = {isa = PBXBuildFile; fileRef = F2AE890C07EB9BB7008F2193 /* CreeveyController.h */; };
		F2AE890F07EB9BB7008F2193 /* CreeveyController.m in Sources */ = {isa = PBXBuildFile; fileRef = F2AE890D07EB9BB7008F2193 /* CreeveyController.m */; };
		F2C940B608200F6F0019D0D3 /* multipledocs.gif in Resources */ = {isa = PBXBuildFile; fileRef = F2C940B508200F6F0019D0D3 /* multipledocs.gif */; };
		F2D2AC63080B82840075532A /* brokendoc.tif in Resources */ = {isa = PBXBuildFile; fileRef = F2D2AC62080B82840075532A /* brokendoc.tif */; };
		F2EFCFC20963D99F0033F328 /* libjpeg.a in Frameworks */ = {isa = PBXBuildFile; fileRef = F2EFCFC10963D99F0033F328 /* libjpeg.a */; };
		F2F2641507EEA114006164BF /* SlideshowWindow.h in Headers */ = {isa = PBXBuildFile; fileRef = F2F2641307EEA114006164BF /* SlideshowWindow.h */; };
		F2F3B72207F7B49400D9C639 /* SlideshowWindow.m in Sources */ = {isa = PBXBuildFile; fileRef = F2F3B72107F7B49400D9C639 /* SlideshowWindow.m */; };
		F2F54190080A3846008AE60F /* DYCreeveyBrowser.h in Headers */ = {isa = PBXBuildFile; fileRef = F2F5418E080A3846008AE60F /* DYCreeveyBrowser.h */; };
		F2F54191080A3846008AE60F /* DYCreeveyBrowser.m in Sources */ = {isa = PBXBuildFile; fileRef = F2F5418F080A3846008AE60F /* DYCreeveyBrowser.m */; };
		F2FE4F9708842EBE00550533 /* UKMainThreadProxy.m in Sources */ = {isa = PBXBuildFile; fileRef = F2FE4F9208842EBE00550533 /* UKMainThreadProxy.m */; };
		F2FE4F9808842EBE00550533 /* UKMainThreadProxy.h in Headers */ = {isa = PBXBuildFile; fileRef = F2FE4F9308842EBE00550533 /* UKMainThreadProxy.h */; };
		F2FE4F9908842EBE00550533 /* UKKQueue.m in Sources */ = {isa = PBXBuildFile; fileRef = F2FE4F9408842EBE00550533 /* UKKQueue.m */; };
		F2FE4F9A08842EBE00550533 /* UKKQueue.h in Headers */ = {isa = PBXBuildFile; fileRef = F2FE4F9508842EBE00550533 /* UKKQueue.h */; };
		F2FE4F9B08842EBE00550533 /* UKFileWatcher.h in Headers */ = {isa = PBXBuildFile; fileRef = F2FE4F9608842EBE00550533 /* UKFileWatcher.h */; };
		F2FE4FB808842F3500550533 /* jpeglib.h in Headers */ = {isa = PBXBuildFile; fileRef = F2FE4FB408842F3500550533 /* jpeglib.h */; };
		F2FE4FB908842F3500550533 /* jmorecfg.h in Headers */ = {isa = PBXBuildFile; fileRef = F2FE4FB508842F3500550533 /* jmorecfg.h */; };
		F2FE4FBA08842F3500550533 /* jconfig.h in Headers */ = {isa = PBXBuildFile; fileRef = F2FE4FB608842F3500550533 /* jconfig.h */; };
		F2FE4FC708842F5500550533 /* jpegint.h in Headers */ = {isa = PBXBuildFile; fileRef = F2FE4FC008842F5500550533 /* jpegint.h */; };
		F2FE4FC808842F5500550533 /* jinclude.h in Headers */ = {isa = PBXBuildFile; fileRef = F2FE4FC108842F5500550533 /* jinclude.h */; };
		F2FE4FC908842F5500550533 /* jerror.h in Headers */ = {isa = PBXBuildFile; fileRef = F2FE4FC208842F5500550533 /* jerror.h */; };
		F2FE4FCA08842F5500550533 /* DYJpegtran.m in Sources */ = {isa = PBXBuildFile; fileRef = F2FE4FC308842F5500550533 /* DYJpegtran.m */; };
		F2FE4FCB08842F5500550533 /* transupp.h in Headers */ = {isa = PBXBuildFile; fileRef = F2FE4FC408842F5500550533 /* transupp.h */; };
		F2FE4FCC08842F5500550533 /* transupp.c in Sources */ = {isa = PBXBuildFile; fileRef = F2FE4FC508842F5500550533 /* transupp.c */; };
		F2FE4FCD08842F5500550533 /* DYJpegtran.h in Headers */ = {isa = PBXBuildFile; fileRef = F2FE4FC608842F5500550533 /* DYJpegtran.h */; };
		F2FE507208848C9400550533 /* exifint.h in Headers */ = {isa = PBXBuildFile; fileRef = F2FE505708848C9300550533 /* exifint.h */; };
		F2FE507308848C9400550533 /* leica.c in Sources */ = {isa = PBXBuildFile; fileRef = F2FE505808848C9300550533 /* leica.c */; };
		F2FE507508848C9400550533 /* minolta.c in Sources */ = {isa = PBXBuildFile; fileRef = F2FE505A08848C9300550533 /* minolta.c */; };
		F2FE507608848C9400550533 /* nikon.c in Sources */ = {isa = PBXBuildFile; fileRef = F2FE505B08848C9300550533 /* nikon.c */; };
		F2FE507708848C9400550533 /* sigma.c in Sources */ = {isa = PBXBuildFile; fileRef = F2FE505C08848C9300550533 /* sigma.c */; };
		F2FE507808848C9400550533 /* olympus.c in Sources */ = {isa = PBXBuildFile; fileRef = F2FE505D08848C9300550533 /* olympus.c */; };
		F2FE507908848C9400550533 /* exif.h in Headers */ = {isa = PBXBuildFile; fileRef = F2FE505E08848C9300550533 /* exif.h */; };
		F2FE507A08848C9400550533 /* timevary.h in Headers */ = {isa = PBXBuildFile; fileRef = F2FE505F08848C9400550533 /* timevary.h */; };
		F2FE507B08848C9400550533 /* tagdefs.c in Sources */ = {isa = PBXBuildFile; fileRef = F2FE506008848C9400550533 /* tagdefs.c */; };
		F2FE507C08848C9400550533 /* timevary.c in Sources */ = {isa = PBXBuildFile; fileRef = F2FE506108848C9400550533 /* timevary.c */; };
		F2FE507D08848C9400550533 /* asahi.c in Sources */ = {isa = PBXBuildFile; fileRef = F2FE506208848C9400550533 /* asahi.c */; };
		F2FE507E08848C9400550533 /* fuji.c in Sources */ = {isa = PBXBuildFile; fileRef = F2FE506308848C9400550533 /* fuji.c */; };
		F2FE508308848C9400550533 /* exifgps.c in Sources */ = {isa = PBXBuildFile; fileRef = F2FE506808848C9400550533 /* exifgps.c */; };
		F2FE508408848C9400550533 /* canon.c in Sources */ = {isa = PBXBuildFile; fileRef = F2FE506908848C9400550533 /* canon.c */; };
		F2FE508508848C9400550533 /* exifutil.c in Sources */ = {isa = PBXBuildFile; fileRef = F2FE506A08848C9400550533 /* exifutil.c */; };
		F2FE508608848C9400550533 /* DYExiftags.m in Sources */ = {isa = PBXBuildFile; fileRef = F2FE506B08848C9400550533 /* DYExiftags.m */; };
		F2FE508808848C9400550533 /* sanyo.c in Sources */ = {isa = PBXBuildFile; fileRef = F2FE506D08848C9400550533 /* sanyo.c */; };
		F2FE508908848C9400550533 /* casio.c in Sources */ = {isa = PBXBuildFile; fileRef = F2FE506E08848C9400550533 /* casio.c */; };
		F2FE508A08848C9400550533 /* exif.c in Sources */ = {isa = PBXBuildFile; fileRef = F2FE506F08848C9400550533 /* exif.c */; };
		F2FE508B08848C9400550533 /* DYExiftags.h in Headers */ = {isa = PBXBuildFile; fileRef = F2FE507008848C9400550533 /* DYExiftags.h */; };
		F2FE508C08848C9400550533 /* panasonic.c in Sources */ = {isa = PBXBuildFile; fileRef = F2FE507108848C9400550533 /* panasonic.c */; };
/* End PBXBuildFile section */

/* Begin PBXFileReference section */
		1058C7A1FEA54F0111CA2CBB /* Cocoa.framework */ = {isa = PBXFileReference; lastKnownFileType = wrapper.framework; name = Cocoa.framework; path = /System/Library/Frameworks/Cocoa.framework; sourceTree = "<absolute>"; };
		29B97316FDCFA39411CA2CEA /* main.m */ = {isa = PBXFileReference; fileEncoding = 30; lastKnownFileType = sourcecode.c.objc; path = main.m; sourceTree = "<group>"; };
		29B97324FDCFA39411CA2CEA /* AppKit.framework */ = {isa = PBXFileReference; lastKnownFileType = wrapper.framework; name = AppKit.framework; path = /System/Library/Frameworks/AppKit.framework; sourceTree = "<absolute>"; };
		29B97325FDCFA39411CA2CEA /* Foundation.framework */ = {isa = PBXFileReference; lastKnownFileType = wrapper.framework; name = Foundation.framework; path = /System/Library/Frameworks/Foundation.framework; sourceTree = "<absolute>"; };
		32CA4F630368D1EE00C91783 /* creevey_Prefix.pch */ = {isa = PBXFileReference; fileEncoding = 4; lastKnownFileType = sourcecode.c.h; path = creevey_Prefix.pch; sourceTree = "<group>"; };
		8D1107310486CEB800E47090 /* Info.plist */ = {isa = PBXFileReference; fileEncoding = 4; lastKnownFileType = text.plist; path = Info.plist; sourceTree = "<group>"; };
		8D1107320486CEB800E47090 /* Phoenix Slides.app */ = {isa = PBXFileReference; explicitFileType = wrapper.application; includeInIndex = 0; path = "Phoenix Slides.app"; sourceTree = BUILT_PRODUCTS_DIR; };
		F2029D2D0820B68D00CE44FA /* phxslides.icns */ = {isa = PBXFileReference; lastKnownFileType = image.icns; path = phxslides.icns; sourceTree = "<group>"; };
		F202E2D1191713C500EDDCEC /* Base */ = {isa = PBXFileReference; lastKnownFileType = file.xib; name = Base; path = Base.lproj/MainMenu.xib; sourceTree = "<group>"; };
		F202E2D2191713C500EDDCEC /* Base */ = {isa = PBXFileReference; lastKnownFileType = file.xib; name = Base; path = Base.lproj/CreeveyWindow.xib; sourceTree = "<group>"; };
		F202E2D3191713C500EDDCEC /* Base */ = {isa = PBXFileReference; lastKnownFileType = file.xib; name = Base; path = Base.lproj/DYJpegtranPanel.xib; sourceTree = "<group>"; };
		F202E2D4191713F200EDDCEC /* de */ = {isa = PBXFileReference; lastKnownFileType = text.plist.strings; name = de; path = de.lproj/DYJpegtranPanel.strings; sourceTree = "<group>"; };
		F202E2D5191713F400EDDCEC /* zh-Hant */ = {isa = PBXFileReference; lastKnownFileType = text.plist.strings; name = "zh-Hant"; path = "zh-Hant.lproj/DYJpegtranPanel.strings"; sourceTree = "<group>"; };
		F202E2D6191713F700EDDCEC /* es */ = {isa = PBXFileReference; lastKnownFileType = text.plist.strings; name = es; path = es.lproj/DYJpegtranPanel.strings; sourceTree = "<group>"; };
		F202E2D7191713FA00EDDCEC /* it */ = {isa = PBXFileReference; lastKnownFileType = text.plist.strings; name = it; path = it.lproj/DYJpegtranPanel.strings; sourceTree = "<group>"; };
		F202E2D8191713FC00EDDCEC /* fr */ = {isa = PBXFileReference; lastKnownFileType = text.plist.strings; name = fr; path = fr.lproj/DYJpegtranPanel.strings; sourceTree = "<group>"; };
		F202E2D91917140500EDDCEC /* de */ = {isa = PBXFileReference; lastKnownFileType = text.plist.strings; name = de; path = de.lproj/CreeveyWindow.strings; sourceTree = "<group>"; };
		F202E2DA1917140800EDDCEC /* zh-Hant */ = {isa = PBXFileReference; lastKnownFileType = text.plist.strings; name = "zh-Hant"; path = "zh-Hant.lproj/CreeveyWindow.strings"; sourceTree = "<group>"; };
		F202E2DB1917140A00EDDCEC /* es */ = {isa = PBXFileReference; lastKnownFileType = text.plist.strings; name = es; path = es.lproj/CreeveyWindow.strings; sourceTree = "<group>"; };
		F202E2DC1917140C00EDDCEC /* it */ = {isa = PBXFileReference; lastKnownFileType = text.plist.strings; name = it; path = it.lproj/CreeveyWindow.strings; sourceTree = "<group>"; };
		F202E2DD1917140E00EDDCEC /* fr */ = {isa = PBXFileReference; lastKnownFileType = text.plist.strings; name = fr; path = fr.lproj/CreeveyWindow.strings; sourceTree = "<group>"; };
		F202E2DE1917141300EDDCEC /* de */ = {isa = PBXFileReference; lastKnownFileType = text.plist.strings; name = de; path = de.lproj/MainMenu.strings; sourceTree = "<group>"; };
		F202E2DF1917141500EDDCEC /* zh-Hant */ = {isa = PBXFileReference; lastKnownFileType = text.plist.strings; name = "zh-Hant"; path = "zh-Hant.lproj/MainMenu.strings"; sourceTree = "<group>"; };
		F202E2E01917141700EDDCEC /* es */ = {isa = PBXFileReference; lastKnownFileType = text.plist.strings; name = es; path = es.lproj/MainMenu.strings; sourceTree = "<group>"; };
		F202E2E11917141900EDDCEC /* it */ = {isa = PBXFileReference; lastKnownFileType = text.plist.strings; name = it; path = it.lproj/MainMenu.strings; sourceTree = "<group>"; };
		F202E2E21917141B00EDDCEC /* fr */ = {isa = PBXFileReference; lastKnownFileType = text.plist.strings; name = fr; path = fr.lproj/MainMenu.strings; sourceTree = "<group>"; };
		F2097598081F3C4400AD4E00 /* en */ = {isa = PBXFileReference; lastKnownFileType = folder; name = en; path = "en.lproj/Phoenix Slides Help"; sourceTree = "<group>"; };
		F2097629081F51A300AD4E00 /* NSStringDYBasePathExtension.h */ = {isa = PBXFileReference; fileEncoding = 4; lastKnownFileType = sourcecode.c.h; path = NSStringDYBasePathExtension.h; sourceTree = "<group>"; };
		F209762A081F51A300AD4E00 /* NSStringDYBasePathExtension.m */ = {isa = PBXFileReference; fileEncoding = 4; lastKnownFileType = sourcecode.c.objc; path = NSStringDYBasePathExtension.m; sourceTree = "<group>"; };
		F20A7A4A0A85E1E300F4221C /* UKPrefsPanel.h */ = {isa = PBXFileReference; fileEncoding = 4; lastKnownFileType = sourcecode.c.h; path = UKPrefsPanel.h; sourceTree = "<group>"; };
		F20A7A4B0A85E1E300F4221C /* UKPrefsPanel.m */ = {isa = PBXFileReference; fileEncoding = 4; lastKnownFileType = sourcecode.c.objc; path = UKPrefsPanel.m; sourceTree = "<group>"; };
		F20ACC0C088E011A004CFE14 /* DYJpegtranPanel.h */ = {isa = PBXFileReference; fileEncoding = 4; lastKnownFileType = sourcecode.c.h; path = DYJpegtranPanel.h; sourceTree = "<group>"; };
		F20ACC0D088E011A004CFE14 /* DYJpegtranPanel.m */ = {isa = PBXFileReference; fileEncoding = 4; lastKnownFileType = sourcecode.c.objc; path = DYJpegtranPanel.m; sourceTree = "<group>"; };
		F20DC28F0886240400986105 /* CreeveyMainWindowController.h */ = {isa = PBXFileReference; fileEncoding = 4; lastKnownFileType = sourcecode.c.h; path = CreeveyMainWindowController.h; sourceTree = "<group>"; };
		F20DC2900886240400986105 /* CreeveyMainWindowController.m */ = {isa = PBXFileReference; fileEncoding = 4; lastKnownFileType = sourcecode.c.objc; path = CreeveyMainWindowController.m; sourceTree = "<group>"; };
		F21AD0BC0892AC440054EA35 /* de */ = {isa = PBXFileReference; lastKnownFileType = text.plist.strings; name = de; path = de.lproj/EXIF.strings; sourceTree = "<group>"; };
		F21AD0BD0892AC4C0054EA35 /* de */ = {isa = PBXFileReference; lastKnownFileType = text.plist.strings; name = de; path = de.lproj/Localizable.strings; sourceTree = "<group>"; };
		F21AD0C00892AC700054EA35 /* de */ = {isa = PBXFileReference; lastKnownFileType = text.rtf; name = de; path = de.lproj/creeveyhelp.rtf; sourceTree = "<group>"; };
		F21AD0D90892B4AB0054EA35 /* de */ = {isa = PBXFileReference; lastKnownFileType = folder; name = de; path = "de.lproj/Phoenix Slides Help"; sourceTree = "<group>"; };
		F21E90930892BA9F007B65EF /* de */ = {isa = PBXFileReference; lastKnownFileType = text.plist.strings; name = de; path = de.lproj/InfoPlist.strings; sourceTree = "<group>"; };
		F221AA51096089D5002B38F5 /* es */ = {isa = PBXFileReference; lastKnownFileType = text.rtf; name = es; path = es.lproj/creeveyhelp.rtf; sourceTree = "<group>"; };
		F221AA6109608C31002B38F5 /* es */ = {isa = PBXFileReference; lastKnownFileType = folder; name = es; path = "es.lproj/Phoenix Slides Help"; sourceTree = "<group>"; };
		F221AA6409608C70002B38F5 /* es */ = {isa = PBXFileReference; lastKnownFileType = text.plist.strings; name = es; path = es.lproj/EXIF.strings; sourceTree = "<group>"; };
		F221AA6509608C70002B38F5 /* es */ = {isa = PBXFileReference; lastKnownFileType = text.plist.strings; name = es; path = es.lproj/Localizable.strings; sourceTree = "<group>"; };
		F221AAAB0960A924002B38F5 /* es */ = {isa = PBXFileReference; lastKnownFileType = text.plist.strings; name = es; path = es.lproj/InfoPlist.strings; sourceTree = "<group>"; };
		F234C0150810E9B700175D50 /* DYImageCache.h */ = {isa = PBXFileReference; fileEncoding = 4; lastKnownFileType = sourcecode.c.h; path = DYImageCache.h; sourceTree = "<group>"; };
		F234C0160810E9B700175D50 /* DYImageCache.m */ = {isa = PBXFileReference; fileEncoding = 4; lastKnownFileType = sourcecode.c.objc; path = DYImageCache.m; sourceTree = "<group>"; };
		F23DC5120A86CEF7005E49FD /* slideshow.tif */ = {isa = PBXFileReference; lastKnownFileType = image.tiff; path = slideshow.tif; sourceTree = "<group>"; };
		F254E11F0BD30DD80053F673 /* it */ = {isa = PBXFileReference; lastKnownFileType = text.plist.strings; name = it; path = it.lproj/EXIF.strings; sourceTree = "<group>"; };
		F254E96D08919E2B00DE9C38 /* makers.h */ = {isa = PBXFileReference; fileEncoding = 4; lastKnownFileType = sourcecode.c.h; name = makers.h; path = exiftags/makers.h; sourceTree = "<group>"; };
		F254E96E08919E2B00DE9C38 /* makers.c */ = {isa = PBXFileReference; fileEncoding = 4; lastKnownFileType = sourcecode.c.c; name = makers.c; path = exiftags/makers.c; sourceTree = "<group>"; };
		F254E98F0891A7E100DE9C38 /* en */ = {isa = PBXFileReference; fileEncoding = 4; lastKnownFileType = text.plist.strings; name = en; path = en.lproj/EXIF.strings; sourceTree = "<group>"; };
		F254E9950891A80400DE9C38 /* zh-Hant */ = {isa = PBXFileReference; lastKnownFileType = text.plist.strings; name = "zh-Hant"; path = "zh-Hant.lproj/EXIF.strings"; sourceTree = "<group>"; };
		F25C834D0895D35D009C0A03 /* zh-Hant */ = {isa = PBXFileReference; lastKnownFileType = folder; name = "zh-Hant"; path = "zh-Hant.lproj/Phoenix Slides Help"; sourceTree = "<group>"; };
		F25EA2710867329C003728C2 /* config.h */ = {isa = PBXFileReference; fileEncoding = 4; lastKnownFileType = sourcecode.c.h; name = config.h; path = Epeg/config.h; sourceTree = "<group>"; };
		F25EA2760867329C003728C2 /* EpegWrapper.m */ = {isa = PBXFileReference; fileEncoding = 4; lastKnownFileType = sourcecode.c.objc; name = EpegWrapper.m; path = Epeg/EpegWrapper.m; sourceTree = "<group>"; };
		F25EA2770867329C003728C2 /* EpegWrapper.h */ = {isa = PBXFileReference; fileEncoding = 4; lastKnownFileType = sourcecode.c.h; name = EpegWrapper.h; path = Epeg/EpegWrapper.h; sourceTree = "<group>"; };
		F25EA2780867329C003728C2 /* epeg_private.h */ = {isa = PBXFileReference; fileEncoding = 4; lastKnownFileType = sourcecode.c.h; name = epeg_private.h; path = Epeg/epeg_private.h; sourceTree = "<group>"; };
		F25EA2790867329C003728C2 /* epeg_memfile.c */ = {isa = PBXFileReference; fileEncoding = 4; lastKnownFileType = sourcecode.c.c; name = epeg_memfile.c; path = Epeg/epeg_memfile.c; sourceTree = "<group>"; };
		F25EA27A0867329C003728C2 /* epeg_main.c */ = {isa = PBXFileReference; fileEncoding = 4; lastKnownFileType = sourcecode.c.c; name = epeg_main.c; path = Epeg/epeg_main.c; sourceTree = "<group>"; };
		F25EA27B0867329C003728C2 /* Epeg.h */ = {isa = PBXFileReference; fileEncoding = 4; lastKnownFileType = sourcecode.c.h; name = Epeg.h; path = Epeg/Epeg.h; sourceTree = "<group>"; };
		F261A048182B5ED4001D9336 /* loading.png */ = {isa = PBXFileReference; lastKnownFileType = image.png; path = loading.png; sourceTree = "<group>"; };
		F26268BA08987A500045DEFC /* zh-Hant */ = {isa = PBXFileReference; lastKnownFileType = text.plist.strings; name = "zh-Hant"; path = "zh-Hant.lproj/InfoPlist.strings"; sourceTree = "<group>"; };
		F262D800089AE58200CD3701 /* DYVersChecker.h */ = {isa = PBXFileReference; fileEncoding = 4; lastKnownFileType = sourcecode.c.h; path = DYVersChecker.h; sourceTree = "<group>"; };
		F262D801089AE58200CD3701 /* DYVersChecker.m */ = {isa = PBXFileReference; fileEncoding = 4; lastKnownFileType = sourcecode.c.objc; path = DYVersChecker.m; sourceTree = "<group>"; };
		F26F29EF0AEF271D00F60799 /* fr */ = {isa = PBXFileReference; lastKnownFileType = text.plist.strings; name = fr; path = fr.lproj/EXIF.strings; sourceTree = "<group>"; };
		F2711710182AADE6008F97E1 /* DYRandomizableArray.h */ = {isa = PBXFileReference; fileEncoding = 4; lastKnownFileType = sourcecode.c.h; path = DYRandomizableArray.h; sourceTree = "<group>"; };
		F2711711182AADE6008F97E1 /* DYRandomizableArray.m */ = {isa = PBXFileReference; fileEncoding = 4; lastKnownFileType = sourcecode.c.objc; path = DYRandomizableArray.m; sourceTree = "<group>"; };
		F276A7471B4095F50045E67A /* Base */ = {isa = PBXFileReference; lastKnownFileType = file.xib; name = Base; path = Base.lproj/ThumbnailContextMenu.xib; sourceTree = "<group>"; };
		F277E1351917453600D2F574 /* fr */ = {isa = PBXFileReference; lastKnownFileType = text.plist.strings; name = fr; path = fr.lproj/InfoPlist.strings; sourceTree = "<group>"; };
		F28C1E1C0A86723000682516 /* general.gif */ = {isa = PBXFileReference; lastKnownFileType = image.gif; path = general.gif; sourceTree = "<group>"; };
		F28CA6AF085DF4590045386B /* NSIndexSetSymDiffExtension.h */ = {isa = PBXFileReference; fileEncoding = 4; lastKnownFileType = sourcecode.c.h; path = NSIndexSetSymDiffExtension.h; sourceTree = "<group>"; };
		F28CA6B0085DF4590045386B /* NSIndexSetSymDiffExtension.m */ = {isa = PBXFileReference; fileEncoding = 4; lastKnownFileType = sourcecode.c.objc; path = NSIndexSetSymDiffExtension.m; sourceTree = "<group>"; };
		F28F0C0907F5E642009BF709 /* DYWrappingMatrix.h */ = {isa = PBXFileReference; fileEncoding = 4; lastKnownFileType = sourcecode.c.h; path = DYWrappingMatrix.h; sourceTree = "<group>"; };
		F28F0C0A07F5E642009BF709 /* DYWrappingMatrix.m */ = {isa = PBXFileReference; fileEncoding = 4; lastKnownFileType = sourcecode.c.objc; path = DYWrappingMatrix.m; sourceTree = "<group>"; };
		F2910A4108198D2900D3878C /* en */ = {isa = PBXFileReference; fileEncoding = 4; lastKnownFileType = text.plist.strings; name = en; path = en.lproj/Localizable.strings; sourceTree = "<group>"; };
		F2910A4B08198D6100D3878C /* zh-Hant */ = {isa = PBXFileReference; lastKnownFileType = text.plist.strings; name = "zh-Hant"; path = "zh-Hant.lproj/Localizable.strings"; sourceTree = "<group>"; };
		F29447970820946000B932C1 /* Credits.html */ = {isa = PBXFileReference; fileEncoding = 4; lastKnownFileType = text.html; path = Credits.html; sourceTree = "<group>"; };
		F29447A60820970100B932C1 /* logo.tiff */ = {isa = PBXFileReference; lastKnownFileType = image.tiff; path = logo.tiff; sourceTree = "<group>"; };
		F299B06007FDF5F7006028C1 /* DYImageView.h */ = {isa = PBXFileReference; fileEncoding = 4; lastKnownFileType = sourcecode.c.h; path = DYImageView.h; sourceTree = "<group>"; };
		F299B06107FDF5F7006028C1 /* DYImageView.m */ = {isa = PBXFileReference; fileEncoding = 4; lastKnownFileType = sourcecode.c.objc; path = DYImageView.m; sourceTree = "<group>"; };
		F29C7B581825990500B7E6E6 /* UKFileWatcher.m */ = {isa = PBXFileReference; fileEncoding = 4; lastKnownFileType = sourcecode.c.objc; name = UKFileWatcher.m; path = UKkqueue/UKFileWatcher.m; sourceTree = "<group>"; };
		F29CD2340800C372000B0F91 /* DYCarbonGoodies.h */ = {isa = PBXFileReference; fileEncoding = 4; lastKnownFileType = sourcecode.c.h; path = DYCarbonGoodies.h; sourceTree = "<group>"; };
		F29CD2350800C372000B0F91 /* DYCarbonGoodies.m */ = {isa = PBXFileReference; fileEncoding = 4; lastKnownFileType = sourcecode.c.objc; path = DYCarbonGoodies.m; sourceTree = "<group>"; };
		F2AC5BEB0819F61700E5E5E6 /* zh-Hant */ = {isa = PBXFileReference; lastKnownFileType = text.rtf; name = "zh-Hant"; path = "zh-Hant.lproj/creeveyhelp.rtf"; sourceTree = "<group>"; };
		F2AC5BEF0819F62C00E5E5E6 /* en */ = {isa = PBXFileReference; lastKnownFileType = text.rtf; name = en; path = en.lproj/creeveyhelp.rtf; sourceTree = "<group>"; };
		F2AE88E707EB877D008F2193 /* DirBrowserDelegate.h */ = {isa = PBXFileReference; fileEncoding = 4; lastKnownFileType = sourcecode.c.h; path = DirBrowserDelegate.h; sourceTree = "<group>"; };
		F2AE88E807EB877D008F2193 /* DirBrowserDelegate.m */ = {isa = PBXFileReference; fileEncoding = 4; lastKnownFileType = sourcecode.c.objc; path = DirBrowserDelegate.m; sourceTree = "<group>"; };
		F2AE890C07EB9BB7008F2193 /* CreeveyController.h */ = {isa = PBXFileReference; fileEncoding = 4; lastKnownFileType = sourcecode.c.h; path = CreeveyController.h; sourceTree = "<group>"; };
		F2AE890D07EB9BB7008F2193 /* CreeveyController.m */ = {isa = PBXFileReference; fileEncoding = 4; lastKnownFileType = sourcecode.c.objc; path = CreeveyController.m; sourceTree = "<group>"; };
		F2B13C000BCEE6F100CF252E /* it */ = {isa = PBXFileReference; lastKnownFileType = text.rtf; name = it; path = it.lproj/creeveyhelp.rtf; sourceTree = "<group>"; };
		F2B13C050BCEE73500CF252E /* it */ = {isa = PBXFileReference; lastKnownFileType = folder; name = it; path = "it.lproj/Phoenix Slides Help"; sourceTree = "<group>"; };
		F2B13C0A0BCEE75700CF252E /* it */ = {isa = PBXFileReference; lastKnownFileType = text.plist.strings; name = it; path = it.lproj/Localizable.strings; sourceTree = "<group>"; };
		F2C940B508200F6F0019D0D3 /* multipledocs.gif */ = {isa = PBXFileReference; lastKnownFileType = image.gif; path = multipledocs.gif; sourceTree = "<group>"; };
		F2D2AC62080B82840075532A /* brokendoc.tif */ = {isa = PBXFileReference; lastKnownFileType = image.tiff; path = brokendoc.tif; sourceTree = "<group>"; };
		F2D8407B1B40971B00A4F731 /* zh-Hant */ = {isa = PBXFileReference; lastKnownFileType = text.plist.strings; name = "zh-Hant"; path = "zh-Hant.lproj/ThumbnailContextMenu.strings"; sourceTree = "<group>"; };
		F2D8407D1B40971F00A4F731 /* de */ = {isa = PBXFileReference; lastKnownFileType = text.plist.strings; name = de; path = de.lproj/ThumbnailContextMenu.strings; sourceTree = "<group>"; };
		F2D8407F1B40972000A4F731 /* es */ = {isa = PBXFileReference; lastKnownFileType = text.plist.strings; name = es; path = es.lproj/ThumbnailContextMenu.strings; sourceTree = "<group>"; };
		F2D840811B40972100A4F731 /* fr */ = {isa = PBXFileReference; lastKnownFileType = text.plist.strings; name = fr; path = fr.lproj/ThumbnailContextMenu.strings; sourceTree = "<group>"; };
		F2D840831B40972300A4F731 /* it */ = {isa = PBXFileReference; lastKnownFileType = text.plist.strings; name = it; path = it.lproj/ThumbnailContextMenu.strings; sourceTree = "<group>"; };
		F2E2E1710AB51122001242BE /* fr */ = {isa = PBXFileReference; lastKnownFileType = text.plist.strings; name = fr; path = fr.lproj/Localizable.strings; sourceTree = "<group>"; };
		F2E2E17A0AB51279001242BE /* fr */ = {isa = PBXFileReference; lastKnownFileType = text.rtf; name = fr; path = fr.lproj/creeveyhelp.rtf; sourceTree = "<group>"; };
		F2E83B920BD09D8F0092E425 /* it */ = {isa = PBXFileReference; lastKnownFileType = text.plist.strings; name = it; path = it.lproj/InfoPlist.strings; sourceTree = "<group>"; };
		F2EFCFC10963D99F0033F328 /* libjpeg.a */ = {isa = PBXFileReference; lastKnownFileType = archive.ar; name = libjpeg.a; path = libjpeg/libjpeg.a; sourceTree = "<group>"; };
		F2F2641307EEA114006164BF /* SlideshowWindow.h */ = {isa = PBXFileReference; fileEncoding = 4; lastKnownFileType = sourcecode.c.h; path = SlideshowWindow.h; sourceTree = "<group>"; };
		F2F3B72107F7B49400D9C639 /* SlideshowWindow.m */ = {isa = PBXFileReference; fileEncoding = 4; lastKnownFileType = sourcecode.c.objc; path = SlideshowWindow.m; sourceTree = "<group>"; };
		F2F5418E080A3846008AE60F /* DYCreeveyBrowser.h */ = {isa = PBXFileReference; fileEncoding = 4; lastKnownFileType = sourcecode.c.h; path = DYCreeveyBrowser.h; sourceTree = "<group>"; };
		F2F5418F080A3846008AE60F /* DYCreeveyBrowser.m */ = {isa = PBXFileReference; fileEncoding = 4; lastKnownFileType = sourcecode.c.objc; path = DYCreeveyBrowser.m; sourceTree = "<group>"; };
		F2F82C7F087C45B90074EC02 /* README */ = {isa = PBXFileReference; fileEncoding = 4; lastKnownFileType = text; path = README; sourceTree = "<group>"; };
		F2FE4F9208842EBE00550533 /* UKMainThreadProxy.m */ = {isa = PBXFileReference; fileEncoding = 4; lastKnownFileType = sourcecode.c.objc; name = UKMainThreadProxy.m; path = UKkqueue/UKMainThreadProxy.m; sourceTree = "<group>"; };
		F2FE4F9308842EBE00550533 /* UKMainThreadProxy.h */ = {isa = PBXFileReference; fileEncoding = 4; lastKnownFileType = sourcecode.c.h; name = UKMainThreadProxy.h; path = UKkqueue/UKMainThreadProxy.h; sourceTree = "<group>"; };
		F2FE4F9408842EBE00550533 /* UKKQueue.m */ = {isa = PBXFileReference; fileEncoding = 4; lastKnownFileType = sourcecode.c.objc; name = UKKQueue.m; path = UKkqueue/UKKQueue.m; sourceTree = "<group>"; };
		F2FE4F9508842EBE00550533 /* UKKQueue.h */ = {isa = PBXFileReference; fileEncoding = 4; lastKnownFileType = sourcecode.c.h; name = UKKQueue.h; path = UKkqueue/UKKQueue.h; sourceTree = "<group>"; };
		F2FE4F9608842EBE00550533 /* UKFileWatcher.h */ = {isa = PBXFileReference; fileEncoding = 4; lastKnownFileType = sourcecode.c.h; name = UKFileWatcher.h; path = UKkqueue/UKFileWatcher.h; sourceTree = "<group>"; };
		F2FE4FB408842F3500550533 /* jpeglib.h */ = {isa = PBXFileReference; fileEncoding = 4; lastKnownFileType = sourcecode.c.h; name = jpeglib.h; path = libjpeg/jpeglib.h; sourceTree = "<group>"; };
		F2FE4FB508842F3500550533 /* jmorecfg.h */ = {isa = PBXFileReference; fileEncoding = 4; lastKnownFileType = sourcecode.c.h; name = jmorecfg.h; path = libjpeg/jmorecfg.h; sourceTree = "<group>"; };
		F2FE4FB608842F3500550533 /* jconfig.h */ = {isa = PBXFileReference; fileEncoding = 4; lastKnownFileType = sourcecode.c.h; name = jconfig.h; path = libjpeg/jconfig.h; sourceTree = "<group>"; };
		F2FE4FC008842F5500550533 /* jpegint.h */ = {isa = PBXFileReference; fileEncoding = 4; lastKnownFileType = sourcecode.c.h; name = jpegint.h; path = DYjpegtran/jpegint.h; sourceTree = "<group>"; };
		F2FE4FC108842F5500550533 /* jinclude.h */ = {isa = PBXFileReference; fileEncoding = 4; lastKnownFileType = sourcecode.c.h; name = jinclude.h; path = DYjpegtran/jinclude.h; sourceTree = "<group>"; };
		F2FE4FC208842F5500550533 /* jerror.h */ = {isa = PBXFileReference; fileEncoding = 4; lastKnownFileType = sourcecode.c.h; name = jerror.h; path = DYjpegtran/jerror.h; sourceTree = "<group>"; };
		F2FE4FC308842F5500550533 /* DYJpegtran.m */ = {isa = PBXFileReference; fileEncoding = 4; lastKnownFileType = sourcecode.c.objc; name = DYJpegtran.m; path = DYjpegtran/DYJpegtran.m; sourceTree = "<group>"; };
		F2FE4FC408842F5500550533 /* transupp.h */ = {isa = PBXFileReference; fileEncoding = 4; lastKnownFileType = sourcecode.c.h; name = transupp.h; path = DYjpegtran/transupp.h; sourceTree = "<group>"; };
		F2FE4FC508842F5500550533 /* transupp.c */ = {isa = PBXFileReference; fileEncoding = 4; lastKnownFileType = sourcecode.c.c; name = transupp.c; path = DYjpegtran/transupp.c; sourceTree = "<group>"; };
		F2FE4FC608842F5500550533 /* DYJpegtran.h */ = {isa = PBXFileReference; fileEncoding = 4; lastKnownFileType = sourcecode.c.h; name = DYJpegtran.h; path = DYjpegtran/DYJpegtran.h; sourceTree = "<group>"; };
		F2FE505708848C9300550533 /* exifint.h */ = {isa = PBXFileReference; fileEncoding = 4; lastKnownFileType = sourcecode.c.h; name = exifint.h; path = exiftags/exifint.h; sourceTree = "<group>"; };
		F2FE505808848C9300550533 /* leica.c */ = {isa = PBXFileReference; fileEncoding = 4; lastKnownFileType = sourcecode.c.c; name = leica.c; path = exiftags/leica.c; sourceTree = "<group>"; };
		F2FE505A08848C9300550533 /* minolta.c */ = {isa = PBXFileReference; fileEncoding = 4; lastKnownFileType = sourcecode.c.c; name = minolta.c; path = exiftags/minolta.c; sourceTree = "<group>"; };
		F2FE505B08848C9300550533 /* nikon.c */ = {isa = PBXFileReference; fileEncoding = 4; lastKnownFileType = sourcecode.c.c; name = nikon.c; path = exiftags/nikon.c; sourceTree = "<group>"; };
		F2FE505C08848C9300550533 /* sigma.c */ = {isa = PBXFileReference; fileEncoding = 4; lastKnownFileType = sourcecode.c.c; name = sigma.c; path = exiftags/sigma.c; sourceTree = "<group>"; };
		F2FE505D08848C9300550533 /* olympus.c */ = {isa = PBXFileReference; fileEncoding = 4; lastKnownFileType = sourcecode.c.c; name = olympus.c; path = exiftags/olympus.c; sourceTree = "<group>"; };
		F2FE505E08848C9300550533 /* exif.h */ = {isa = PBXFileReference; fileEncoding = 4; lastKnownFileType = sourcecode.c.h; name = exif.h; path = exiftags/exif.h; sourceTree = "<group>"; };
		F2FE505F08848C9400550533 /* timevary.h */ = {isa = PBXFileReference; fileEncoding = 4; lastKnownFileType = sourcecode.c.h; name = timevary.h; path = exiftags/timevary.h; sourceTree = "<group>"; };
		F2FE506008848C9400550533 /* tagdefs.c */ = {isa = PBXFileReference; fileEncoding = 4; lastKnownFileType = sourcecode.c.c; name = tagdefs.c; path = exiftags/tagdefs.c; sourceTree = "<group>"; };
		F2FE506108848C9400550533 /* timevary.c */ = {isa = PBXFileReference; fileEncoding = 4; lastKnownFileType = sourcecode.c.c; name = timevary.c; path = exiftags/timevary.c; sourceTree = "<group>"; };
		F2FE506208848C9400550533 /* asahi.c */ = {isa = PBXFileReference; fileEncoding = 4; lastKnownFileType = sourcecode.c.c; name = asahi.c; path = exiftags/asahi.c; sourceTree = "<group>"; };
		F2FE506308848C9400550533 /* fuji.c */ = {isa = PBXFileReference; fileEncoding = 4; lastKnownFileType = sourcecode.c.c; name = fuji.c; path = exiftags/fuji.c; sourceTree = "<group>"; };
		F2FE506808848C9400550533 /* exifgps.c */ = {isa = PBXFileReference; fileEncoding = 4; lastKnownFileType = sourcecode.c.c; name = exifgps.c; path = exiftags/exifgps.c; sourceTree = "<group>"; };
		F2FE506908848C9400550533 /* canon.c */ = {isa = PBXFileReference; fileEncoding = 4; lastKnownFileType = sourcecode.c.c; name = canon.c; path = exiftags/canon.c; sourceTree = "<group>"; };
		F2FE506A08848C9400550533 /* exifutil.c */ = {isa = PBXFileReference; fileEncoding = 4; lastKnownFileType = sourcecode.c.c; name = exifutil.c; path = exiftags/exifutil.c; sourceTree = "<group>"; };
		F2FE506B08848C9400550533 /* DYExiftags.m */ = {isa = PBXFileReference; fileEncoding = 4; lastKnownFileType = sourcecode.c.objc; name = DYExiftags.m; path = exiftags/DYExiftags.m; sourceTree = "<group>"; };
		F2FE506D08848C9400550533 /* sanyo.c */ = {isa = PBXFileReference; fileEncoding = 4; lastKnownFileType = sourcecode.c.c; name = sanyo.c; path = exiftags/sanyo.c; sourceTree = "<group>"; };
		F2FE506E08848C9400550533 /* casio.c */ = {isa = PBXFileReference; fileEncoding = 4; lastKnownFileType = sourcecode.c.c; name = casio.c; path = exiftags/casio.c; sourceTree = "<group>"; };
		F2FE506F08848C9400550533 /* exif.c */ = {isa = PBXFileReference; fileEncoding = 4; lastKnownFileType = sourcecode.c.c; name = exif.c; path = exiftags/exif.c; sourceTree = "<group>"; };
		F2FE507008848C9400550533 /* DYExiftags.h */ = {isa = PBXFileReference; fileEncoding = 4; lastKnownFileType = sourcecode.c.h; name = DYExiftags.h; path = exiftags/DYExiftags.h; sourceTree = "<group>"; };
		F2FE507108848C9400550533 /* panasonic.c */ = {isa = PBXFileReference; fileEncoding = 4; lastKnownFileType = sourcecode.c.c; name = panasonic.c; path = exiftags/panasonic.c; sourceTree = "<group>"; };
/* End PBXFileReference section */

/* Begin PBXFrameworksBuildPhase section */
		8D11072E0486CEB800E47090 /* Frameworks */ = {
			isa = PBXFrameworksBuildPhase;
			buildActionMask = 2147483647;
			files = (
				8D11072F0486CEB800E47090 /* Cocoa.framework in Frameworks */,
				F2EFCFC20963D99F0033F328 /* libjpeg.a in Frameworks */,
			);
			runOnlyForDeploymentPostprocessing = 0;
		};
/* End PBXFrameworksBuildPhase section */

/* Begin PBXGroup section */
		080E96DDFE201D6D7F000001 /* Classes */ = {
			isa = PBXGroup;
			children = (
				F262D800089AE58200CD3701 /* DYVersChecker.h */,
				F262D801089AE58200CD3701 /* DYVersChecker.m */,
				F234C0150810E9B700175D50 /* DYImageCache.h */,
				F234C0160810E9B700175D50 /* DYImageCache.m */,
				F2AE88E707EB877D008F2193 /* DirBrowserDelegate.h */,
				F2AE88E807EB877D008F2193 /* DirBrowserDelegate.m */,
				F2AE890C07EB9BB7008F2193 /* CreeveyController.h */,
				F2AE890D07EB9BB7008F2193 /* CreeveyController.m */,
				F20DC28F0886240400986105 /* CreeveyMainWindowController.h */,
				F20DC2900886240400986105 /* CreeveyMainWindowController.m */,
				F2F2641307EEA114006164BF /* SlideshowWindow.h */,
				F2F3B72107F7B49400D9C639 /* SlideshowWindow.m */,
				F28F0C0907F5E642009BF709 /* DYWrappingMatrix.h */,
				F28F0C0A07F5E642009BF709 /* DYWrappingMatrix.m */,
				F299B06007FDF5F7006028C1 /* DYImageView.h */,
				F299B06107FDF5F7006028C1 /* DYImageView.m */,
			);
			name = Classes;
			sourceTree = "<group>";
		};
		1058C7A0FEA54F0111CA2CBB /* Linked Frameworks */ = {
			isa = PBXGroup;
			children = (
				1058C7A1FEA54F0111CA2CBB /* Cocoa.framework */,
			);
			name = "Linked Frameworks";
			sourceTree = "<group>";
		};
		1058C7A2FEA54F0111CA2CBB /* Other Frameworks */ = {
			isa = PBXGroup;
			children = (
				29B97325FDCFA39411CA2CEA /* Foundation.framework */,
				29B97324FDCFA39411CA2CEA /* AppKit.framework */,
			);
			name = "Other Frameworks";
			sourceTree = "<group>";
		};
		19C28FACFE9D520D11CA2CBB /* Products */ = {
			isa = PBXGroup;
			children = (
				8D1107320486CEB800E47090 /* Phoenix Slides.app */,
			);
			name = Products;
			sourceTree = "<group>";
		};
		29B97314FDCFA39411CA2CEA /* creevey */ = {
			isa = PBXGroup;
			children = (
				080E96DDFE201D6D7F000001 /* Classes */,
				29B97315FDCFA39411CA2CEA /* Other Sources */,
				29B97317FDCFA39411CA2CEA /* Resources */,
				29B97323FDCFA39411CA2CEA /* Frameworks */,
				19C28FACFE9D520D11CA2CBB /* Products */,
				F2F82C7F087C45B90074EC02 /* README */,
			);
			name = creevey;
			sourceTree = "<group>";
		};
		29B97315FDCFA39411CA2CEA /* Other Sources */ = {
			isa = PBXGroup;
			children = (
				F2711710182AADE6008F97E1 /* DYRandomizableArray.h */,
				F2711711182AADE6008F97E1 /* DYRandomizableArray.m */,
				F2FE4FA808842F2600550533 /* libjpeg */,
				F25EA26E08673274003728C2 /* Epeg */,
				F2FE4F9E08842EF400550533 /* jpegtran */,
				F2047B7308576D2D00D6103F /* kqueue */,
				F2FE507008848C9400550533 /* DYExiftags.h */,
				F2FE506B08848C9400550533 /* DYExiftags.m */,
				F20A7A4A0A85E1E300F4221C /* UKPrefsPanel.h */,
				F20A7A4B0A85E1E300F4221C /* UKPrefsPanel.m */,
				F2FE503508848C8400550533 /* exiftags */,
				F2097629081F51A300AD4E00 /* NSStringDYBasePathExtension.h */,
				F209762A081F51A300AD4E00 /* NSStringDYBasePathExtension.m */,
				F28CA6AF085DF4590045386B /* NSIndexSetSymDiffExtension.h */,
				F28CA6B0085DF4590045386B /* NSIndexSetSymDiffExtension.m */,
				F2F5418E080A3846008AE60F /* DYCreeveyBrowser.h */,
				F2F5418F080A3846008AE60F /* DYCreeveyBrowser.m */,
				F29CD2340800C372000B0F91 /* DYCarbonGoodies.h */,
				F29CD2350800C372000B0F91 /* DYCarbonGoodies.m */,
				32CA4F630368D1EE00C91783 /* creevey_Prefix.pch */,
				29B97316FDCFA39411CA2CEA /* main.m */,
			);
			name = "Other Sources";
			sourceTree = "<group>";
		};
		29B97317FDCFA39411CA2CEA /* Resources */ = {
			isa = PBXGroup;
			children = (
				F28C1E1C0A86723000682516 /* general.gif */,
				F23DC5120A86CEF7005E49FD /* slideshow.tif */,
				F2029D2D0820B68D00CE44FA /* phxslides.icns */,
				F29447970820946000B932C1 /* Credits.html */,
				F2C940B508200F6F0019D0D3 /* multipledocs.gif */,
				F261A048182B5ED4001D9336 /* loading.png */,
				F29447A60820970100B932C1 /* logo.tiff */,
				F21AD0D30892B49F0054EA35 /* Phoenix Slides Help */,
				F2AC5BEA0819F61700E5E5E6 /* creeveyhelp.rtf */,
				F2910A4908198D5300D3878C /* Localizable.strings */,
				F2D2AC62080B82840075532A /* brokendoc.tif */,
				8D1107310486CEB800E47090 /* Info.plist */,
				089C165CFE840E0CC02AAC07 /* InfoPlist.strings */,
				F254E9930891A7FB00DE9C38 /* EXIF.strings */,
				F202E2C919170E4900EDDCEC /* MainMenu.xib */,
				F202E2C119170DCD00EDDCEC /* CreeveyWindow.xib */,
				F276A7481B4095F50045E67A /* ThumbnailContextMenu.xib */,
				F202E2B519170B9800EDDCEC /* DYJpegtranPanel.xib */,
			);
			name = Resources;
			sourceTree = "<group>";
		};
		29B97323FDCFA39411CA2CEA /* Frameworks */ = {
			isa = PBXGroup;
			children = (
				1058C7A0FEA54F0111CA2CBB /* Linked Frameworks */,
				1058C7A2FEA54F0111CA2CBB /* Other Frameworks */,
			);
			name = Frameworks;
			sourceTree = "<group>";
		};
		F2047B7308576D2D00D6103F /* kqueue */ = {
			isa = PBXGroup;
			children = (
				F2FE4F9208842EBE00550533 /* UKMainThreadProxy.m */,
				F2FE4F9308842EBE00550533 /* UKMainThreadProxy.h */,
				F2FE4F9408842EBE00550533 /* UKKQueue.m */,
				F2FE4F9508842EBE00550533 /* UKKQueue.h */,
				F2FE4F9608842EBE00550533 /* UKFileWatcher.h */,
				F29C7B581825990500B7E6E6 /* UKFileWatcher.m */,
			);
			name = kqueue;
			sourceTree = "<group>";
		};
		F25EA26E08673274003728C2 /* Epeg */ = {
			isa = PBXGroup;
			children = (
				F25EA2710867329C003728C2 /* config.h */,
				F25EA2770867329C003728C2 /* EpegWrapper.h */,
				F25EA2760867329C003728C2 /* EpegWrapper.m */,
				F25EA2780867329C003728C2 /* epeg_private.h */,
				F25EA2790867329C003728C2 /* epeg_memfile.c */,
				F25EA27A0867329C003728C2 /* epeg_main.c */,
				F25EA27B0867329C003728C2 /* Epeg.h */,
			);
			name = Epeg;
			sourceTree = "<group>";
		};
		F2FE4F9E08842EF400550533 /* jpegtran */ = {
			isa = PBXGroup;
			children = (
				F2FE4FC008842F5500550533 /* jpegint.h */,
				F2FE4FC108842F5500550533 /* jinclude.h */,
				F2FE4FC208842F5500550533 /* jerror.h */,
				F2FE4FC608842F5500550533 /* DYJpegtran.h */,
				F2FE4FC308842F5500550533 /* DYJpegtran.m */,
				F20ACC0C088E011A004CFE14 /* DYJpegtranPanel.h */,
				F20ACC0D088E011A004CFE14 /* DYJpegtranPanel.m */,
				F2FE4FC408842F5500550533 /* transupp.h */,
				F2FE4FC508842F5500550533 /* transupp.c */,
			);
			name = jpegtran;
			sourceTree = "<group>";
		};
		F2FE4FA808842F2600550533 /* libjpeg */ = {
			isa = PBXGroup;
			children = (
				F2EFCFC10963D99F0033F328 /* libjpeg.a */,
				F2FE4FB408842F3500550533 /* jpeglib.h */,
				F2FE4FB508842F3500550533 /* jmorecfg.h */,
				F2FE4FB608842F3500550533 /* jconfig.h */,
			);
			name = libjpeg;
			sourceTree = "<group>";
		};
		F2FE503508848C8400550533 /* exiftags */ = {
			isa = PBXGroup;
			children = (
				F2FE505E08848C9300550533 /* exif.h */,
				F2FE506F08848C9400550533 /* exif.c */,
				F254E96D08919E2B00DE9C38 /* makers.h */,
				F254E96E08919E2B00DE9C38 /* makers.c */,
				F2FE505708848C9300550533 /* exifint.h */,
				F2FE506008848C9400550533 /* tagdefs.c */,
				F2FE506A08848C9400550533 /* exifutil.c */,
				F2FE506808848C9400550533 /* exifgps.c */,
				F2FE505F08848C9400550533 /* timevary.h */,
				F2FE506108848C9400550533 /* timevary.c */,
				F2FE506208848C9400550533 /* asahi.c */,
				F2FE505808848C9300550533 /* leica.c */,
				F2FE505A08848C9300550533 /* minolta.c */,
				F2FE505B08848C9300550533 /* nikon.c */,
				F2FE505C08848C9300550533 /* sigma.c */,
				F2FE505D08848C9300550533 /* olympus.c */,
				F2FE506308848C9400550533 /* fuji.c */,
				F2FE506908848C9400550533 /* canon.c */,
				F2FE506D08848C9400550533 /* sanyo.c */,
				F2FE506E08848C9400550533 /* casio.c */,
				F2FE507108848C9400550533 /* panasonic.c */,
			);
			name = exiftags;
			sourceTree = "<group>";
		};
/* End PBXGroup section */

/* Begin PBXHeadersBuildPhase section */
		8D1107270486CEB800E47090 /* Headers */ = {
			isa = PBXHeadersBuildPhase;
			buildActionMask = 2147483647;
			files = (
				8D1107280486CEB800E47090 /* creevey_Prefix.pch in Headers */,
				F2AE88E907EB877D008F2193 /* DirBrowserDelegate.h in Headers */,
				F2AE890E07EB9BB7008F2193 /* CreeveyController.h in Headers */,
				F2F2641507EEA114006164BF /* SlideshowWindow.h in Headers */,
				F28F0C0B07F5E642009BF709 /* DYWrappingMatrix.h in Headers */,
				F299B06207FDF5F7006028C1 /* DYImageView.h in Headers */,
				F2711712182AADE6008F97E1 /* DYRandomizableArray.h in Headers */,
				F29CD2360800C372000B0F91 /* DYCarbonGoodies.h in Headers */,
				F2F54190080A3846008AE60F /* DYCreeveyBrowser.h in Headers */,
				F234C0170810E9B700175D50 /* DYImageCache.h in Headers */,
				F209762B081F51A300AD4E00 /* NSStringDYBasePathExtension.h in Headers */,
				F28CA6B1085DF4590045386B /* NSIndexSetSymDiffExtension.h in Headers */,
				F25EA27C0867329C003728C2 /* config.h in Headers */,
				F25EA2820867329C003728C2 /* EpegWrapper.h in Headers */,
				F25EA2830867329C003728C2 /* epeg_private.h in Headers */,
				F25EA2860867329C003728C2 /* Epeg.h in Headers */,
				F2FE4F9808842EBE00550533 /* UKMainThreadProxy.h in Headers */,
				F2FE4F9A08842EBE00550533 /* UKKQueue.h in Headers */,
				F2FE4F9B08842EBE00550533 /* UKFileWatcher.h in Headers */,
				F2FE4FB808842F3500550533 /* jpeglib.h in Headers */,
				F2FE4FB908842F3500550533 /* jmorecfg.h in Headers */,
				F2FE4FBA08842F3500550533 /* jconfig.h in Headers */,
				F2FE4FC708842F5500550533 /* jpegint.h in Headers */,
				F2FE4FC808842F5500550533 /* jinclude.h in Headers */,
				F2FE4FC908842F5500550533 /* jerror.h in Headers */,
				F2FE4FCB08842F5500550533 /* transupp.h in Headers */,
				F2FE4FCD08842F5500550533 /* DYJpegtran.h in Headers */,
				F2FE507208848C9400550533 /* exifint.h in Headers */,
				F2FE507908848C9400550533 /* exif.h in Headers */,
				F2FE507A08848C9400550533 /* timevary.h in Headers */,
				F2FE508B08848C9400550533 /* DYExiftags.h in Headers */,
				F20DC2910886240400986105 /* CreeveyMainWindowController.h in Headers */,
				F20ACC0E088E011A004CFE14 /* DYJpegtranPanel.h in Headers */,
				F254E96F08919E2B00DE9C38 /* makers.h in Headers */,
				F262D802089AE58200CD3701 /* DYVersChecker.h in Headers */,
				F20A7A4C0A85E1E300F4221C /* UKPrefsPanel.h in Headers */,
			);
			runOnlyForDeploymentPostprocessing = 0;
		};
/* End PBXHeadersBuildPhase section */

/* Begin PBXNativeTarget section */
		8D1107260486CEB800E47090 /* Phoenix Slides */ = {
			isa = PBXNativeTarget;
			buildConfigurationList = F25EA23C08672CB4003728C2 /* Build configuration list for PBXNativeTarget "Phoenix Slides" */;
			buildPhases = (
				8D1107270486CEB800E47090 /* Headers */,
				8D1107290486CEB800E47090 /* Resources */,
				8D11072C0486CEB800E47090 /* Sources */,
				8D11072E0486CEB800E47090 /* Frameworks */,
			);
			buildRules = (
			);
			dependencies = (
			);
			name = "Phoenix Slides";
			productInstallPath = "$(HOME)/Applications";
			productName = creevey;
			productReference = 8D1107320486CEB800E47090 /* Phoenix Slides.app */;
			productType = "com.apple.product-type.application";
		};
/* End PBXNativeTarget section */

/* Begin PBXProject section */
		29B97313FDCFA39411CA2CEA /* Project object */ = {
			isa = PBXProject;
			attributes = {
				LastUpgradeCheck = 0510;
			};
			buildConfigurationList = F25EA24008672CB4003728C2 /* Build configuration list for PBXProject "creevey" */;
			compatibilityVersion = "Xcode 3.2";
			developmentRegion = en;
			hasScannedForEncodings = 1;
			knownRegions = (
				en,
				"zh-Hant",
				de,
				es,
				fr,
				it,
				Base,
			);
			mainGroup = 29B97314FDCFA39411CA2CEA /* creevey */;
			projectDirPath = "";
			projectRoot = "";
			targets = (
				8D1107260486CEB800E47090 /* Phoenix Slides */,
			);
		};
/* End PBXProject section */

/* Begin PBXResourcesBuildPhase section */
		8D1107290486CEB800E47090 /* Resources */ = {
			isa = PBXResourcesBuildPhase;
			buildActionMask = 2147483647;
			files = (
				8D11072B0486CEB800E47090 /* InfoPlist.strings in Resources */,
				F2D2AC63080B82840075532A /* brokendoc.tif in Resources */,
				F202E2CB19170E4900EDDCEC /* MainMenu.xib in Resources */,
				F2910A4A08198D5300D3878C /* Localizable.strings in Resources */,
				F2AC5BEC0819F61700E5E5E6 /* creeveyhelp.rtf in Resources */,
				F21AD0D40892B49F0054EA35 /* Phoenix Slides Help in Resources */,
				F2C940B608200F6F0019D0D3 /* multipledocs.gif in Resources */,
				F29447980820946000B932C1 /* Credits.html in Resources */,
				F29447A70820970100B932C1 /* logo.tiff in Resources */,
				F2029D2E0820B68D00CE44FA /* phxslides.icns in Resources */,
				F261A049182B5ED4001D9336 /* loading.png in Resources */,
				F254E9940891A7FB00DE9C38 /* EXIF.strings in Resources */,
				F28C1E1D0A86723000682516 /* general.gif in Resources */,
				F202E2C319170DCD00EDDCEC /* CreeveyWindow.xib in Resources */,
				F202E2B719170B9800EDDCEC /* DYJpegtranPanel.xib in Resources */,
				F276A7461B4095F50045E67A /* ThumbnailContextMenu.xib in Resources */,
				F23DC5130A86CEF7005E49FD /* slideshow.tif in Resources */,
			);
			runOnlyForDeploymentPostprocessing = 0;
		};
/* End PBXResourcesBuildPhase section */

/* Begin PBXSourcesBuildPhase section */
		8D11072C0486CEB800E47090 /* Sources */ = {
			isa = PBXSourcesBuildPhase;
			buildActionMask = 2147483647;
			files = (
				8D11072D0486CEB800E47090 /* main.m in Sources */,
				F2AE88EA07EB877D008F2193 /* DirBrowserDelegate.m in Sources */,
				F2AE890F07EB9BB7008F2193 /* CreeveyController.m in Sources */,
				F28F0C0C07F5E642009BF709 /* DYWrappingMatrix.m in Sources */,
				F2F3B72207F7B49400D9C639 /* SlideshowWindow.m in Sources */,
				F299B06307FDF5F7006028C1 /* DYImageView.m in Sources */,
				F29CD2370800C372000B0F91 /* DYCarbonGoodies.m in Sources */,
				F2F54191080A3846008AE60F /* DYCreeveyBrowser.m in Sources */,
				F234C0180810E9B700175D50 /* DYImageCache.m in Sources */,
				F209762C081F51A300AD4E00 /* NSStringDYBasePathExtension.m in Sources */,
				F28CA6B2085DF4590045386B /* NSIndexSetSymDiffExtension.m in Sources */,
				F25EA2810867329C003728C2 /* EpegWrapper.m in Sources */,
				F25EA2840867329C003728C2 /* epeg_memfile.c in Sources */,
				F25EA2850867329C003728C2 /* epeg_main.c in Sources */,
				F2FE4F9708842EBE00550533 /* UKMainThreadProxy.m in Sources */,
				F2FE4F9908842EBE00550533 /* UKKQueue.m in Sources */,
				F2FE4FCA08842F5500550533 /* DYJpegtran.m in Sources */,
				F2FE4FCC08842F5500550533 /* transupp.c in Sources */,
				F2FE507308848C9400550533 /* leica.c in Sources */,
				F29C7B591825990500B7E6E6 /* UKFileWatcher.m in Sources */,
				F2FE507508848C9400550533 /* minolta.c in Sources */,
				F2FE507608848C9400550533 /* nikon.c in Sources */,
				F2FE507708848C9400550533 /* sigma.c in Sources */,
				F2FE507808848C9400550533 /* olympus.c in Sources */,
				F2FE507B08848C9400550533 /* tagdefs.c in Sources */,
				F2FE507C08848C9400550533 /* timevary.c in Sources */,
				F2FE507D08848C9400550533 /* asahi.c in Sources */,
				F2FE507E08848C9400550533 /* fuji.c in Sources */,
				F2FE508308848C9400550533 /* exifgps.c in Sources */,
				F2FE508408848C9400550533 /* canon.c in Sources */,
				F2711713182AADE6008F97E1 /* DYRandomizableArray.m in Sources */,
				F2FE508508848C9400550533 /* exifutil.c in Sources */,
				F2FE508608848C9400550533 /* DYExiftags.m in Sources */,
				F2FE508808848C9400550533 /* sanyo.c in Sources */,
				F2FE508908848C9400550533 /* casio.c in Sources */,
				F2FE508A08848C9400550533 /* exif.c in Sources */,
				F2FE508C08848C9400550533 /* panasonic.c in Sources */,
				F20DC2920886240400986105 /* CreeveyMainWindowController.m in Sources */,
				F20ACC0F088E011A004CFE14 /* DYJpegtranPanel.m in Sources */,
				F254E97008919E2B00DE9C38 /* makers.c in Sources */,
				F262D803089AE58200CD3701 /* DYVersChecker.m in Sources */,
				F20A7A4D0A85E1E300F4221C /* UKPrefsPanel.m in Sources */,
			);
			runOnlyForDeploymentPostprocessing = 0;
		};
/* End PBXSourcesBuildPhase section */

/* Begin PBXVariantGroup section */
		089C165CFE840E0CC02AAC07 /* InfoPlist.strings */ = {
			isa = PBXVariantGroup;
			children = (
				F21E90930892BA9F007B65EF /* de */,
				F26268BA08987A500045DEFC /* zh-Hant */,
				F221AAAB0960A924002B38F5 /* es */,
				F2E83B920BD09D8F0092E425 /* it */,
				F277E1351917453600D2F574 /* fr */,
			);
			name = InfoPlist.strings;
			sourceTree = "<group>";
		};
		F202E2B519170B9800EDDCEC /* DYJpegtranPanel.xib */ = {
			isa = PBXVariantGroup;
			children = (
				F202E2D3191713C500EDDCEC /* Base */,
				F202E2D4191713F200EDDCEC /* de */,
				F202E2D5191713F400EDDCEC /* zh-Hant */,
				F202E2D6191713F700EDDCEC /* es */,
				F202E2D7191713FA00EDDCEC /* it */,
				F202E2D8191713FC00EDDCEC /* fr */,
			);
			name = DYJpegtranPanel.xib;
			sourceTree = "<group>";
		};
		F202E2C119170DCD00EDDCEC /* CreeveyWindow.xib */ = {
			isa = PBXVariantGroup;
			children = (
				F202E2D2191713C500EDDCEC /* Base */,
				F202E2D91917140500EDDCEC /* de */,
				F202E2DA1917140800EDDCEC /* zh-Hant */,
				F202E2DB1917140A00EDDCEC /* es */,
				F202E2DC1917140C00EDDCEC /* it */,
				F202E2DD1917140E00EDDCEC /* fr */,
			);
			name = CreeveyWindow.xib;
			sourceTree = "<group>";
		};
		F202E2C919170E4900EDDCEC /* MainMenu.xib */ = {
			isa = PBXVariantGroup;
			children = (
				F202E2D1191713C500EDDCEC /* Base */,
				F202E2DE1917141300EDDCEC /* de */,
				F202E2DF1917141500EDDCEC /* zh-Hant */,
				F202E2E01917141700EDDCEC /* es */,
				F202E2E11917141900EDDCEC /* it */,
				F202E2E21917141B00EDDCEC /* fr */,
			);
			name = MainMenu.xib;
			sourceTree = "<group>";
		};
		F21AD0D30892B49F0054EA35 /* Phoenix Slides Help */ = {
			isa = PBXVariantGroup;
			children = (
				F2097598081F3C4400AD4E00 /* en */,
				F21AD0D90892B4AB0054EA35 /* de */,
				F25C834D0895D35D009C0A03 /* zh-Hant */,
				F221AA6109608C31002B38F5 /* es */,
				F2B13C050BCEE73500CF252E /* it */,
			);
			name = "Phoenix Slides Help";
			sourceTree = "<group>";
		};
		F254E9930891A7FB00DE9C38 /* EXIF.strings */ = {
			isa = PBXVariantGroup;
			children = (
				F254E98F0891A7E100DE9C38 /* en */,
				F254E9950891A80400DE9C38 /* zh-Hant */,
				F21AD0BC0892AC440054EA35 /* de */,
				F221AA6409608C70002B38F5 /* es */,
				F26F29EF0AEF271D00F60799 /* fr */,
				F254E11F0BD30DD80053F673 /* it */,
			);
			name = EXIF.strings;
			sourceTree = "<group>";
		};
		F276A7481B4095F50045E67A /* ThumbnailContextMenu.xib */ = {
			isa = PBXVariantGroup;
			children = (
				F276A7471B4095F50045E67A /* Base */,
				F2D8407B1B40971B00A4F731 /* zh-Hant */,
				F2D8407D1B40971F00A4F731 /* de */,
				F2D8407F1B40972000A4F731 /* es */,
				F2D840811B40972100A4F731 /* fr */,
				F2D840831B40972300A4F731 /* it */,
			);
			name = ThumbnailContextMenu.xib;
			sourceTree = "<group>";
		};
		F2910A4908198D5300D3878C /* Localizable.strings */ = {
			isa = PBXVariantGroup;
			children = (
				F2910A4108198D2900D3878C /* en */,
				F2910A4B08198D6100D3878C /* zh-Hant */,
				F21AD0BD0892AC4C0054EA35 /* de */,
				F221AA6509608C70002B38F5 /* es */,
				F2E2E1710AB51122001242BE /* fr */,
				F2B13C0A0BCEE75700CF252E /* it */,
			);
			name = Localizable.strings;
			sourceTree = "<group>";
		};
		F2AC5BEA0819F61700E5E5E6 /* creeveyhelp.rtf */ = {
			isa = PBXVariantGroup;
			children = (
				F2AC5BEB0819F61700E5E5E6 /* zh-Hant */,
				F2AC5BEF0819F62C00E5E5E6 /* en */,
				F21AD0C00892AC700054EA35 /* de */,
				F221AA51096089D5002B38F5 /* es */,
				F2E2E17A0AB51279001242BE /* fr */,
				F2B13C000BCEE6F100CF252E /* it */,
			);
			name = creeveyhelp.rtf;
			sourceTree = "<group>";
		};
/* End PBXVariantGroup section */

/* Begin XCBuildConfiguration section */
		F25EA23D08672CB4003728C2 /* Development */ = {
			isa = XCBuildConfiguration;
			buildSettings = {
				COMBINE_HIDPI_IMAGES = YES;
				COPY_PHASE_STRIP = NO;
				DEBUGGING_SYMBOLS = YES;
				FRAMEWORK_SEARCH_PATHS = "";
				GCC_DYNAMIC_NO_PIC = NO;
				GCC_GENERATE_DEBUGGING_SYMBOLS = YES;
				GCC_OPTIMIZATION_LEVEL = 0;
				GCC_PRECOMPILE_PREFIX_HEADER = YES;
				GCC_PREFIX_HEADER = creevey_Prefix.pch;
				GCC_VERSION = "";
				GCC_WARN_ABOUT_MISSING_PROTOTYPES = NO;
				GCC_WARN_ABOUT_POINTER_SIGNEDNESS = NO;
				GCC_WARN_FOUR_CHARACTER_CONSTANTS = NO;
				GCC_WARN_UNKNOWN_PRAGMAS = NO;
				HEADER_SEARCH_PATHS = "";
				INFOPLIST_FILE = Info.plist;
				INSTALL_PATH = "$(HOME)/Applications";
				LIBRARY_SEARCH_PATHS = "$(SRCROOT)/libjpeg";
				MACOSX_DEPLOYMENT_TARGET = 10.9;
				ONLY_ACTIVE_ARCH = NO;
				OTHER_CFLAGS = "";
				OTHER_LDFLAGS = "";
				PRODUCT_NAME = "Phoenix Slides";
				SDKROOT = macosx;
				SECTORDER_FLAGS = "";
				VALID_ARCHS = "i386 x86_64";
				WARNING_CFLAGS = (
					"-Wmost",
					"-Wno-four-char-constants",
					"-Wno-unknown-pragmas",
				);
				WRAPPER_EXTENSION = app;
				ZERO_LINK = YES;
			};
			name = Development;
		};
		F25EA23E08672CB4003728C2 /* Deployment */ = {
			isa = XCBuildConfiguration;
			buildSettings = {
				COMBINE_HIDPI_IMAGES = YES;
				COPY_PHASE_STRIP = YES;
				FRAMEWORK_SEARCH_PATHS = "";
				GCC_GENERATE_DEBUGGING_SYMBOLS = NO;
				GCC_OPTIMIZATION_LEVEL = s;
				GCC_PRECOMPILE_PREFIX_HEADER = YES;
				GCC_PREFIX_HEADER = creevey_Prefix.pch;
				GCC_VERSION = "";
				GCC_WARN_ABOUT_MISSING_PROTOTYPES = NO;
				GCC_WARN_ABOUT_POINTER_SIGNEDNESS = NO;
				GCC_WARN_FOUR_CHARACTER_CONSTANTS = NO;
				GCC_WARN_UNKNOWN_PRAGMAS = NO;
				HEADER_SEARCH_PATHS = "";
				INFOPLIST_FILE = Info.plist;
				INSTALL_PATH = "$(HOME)/Applications";
				LIBRARY_SEARCH_PATHS = "$(SRCROOT)/libjpeg";
				MACOSX_DEPLOYMENT_TARGET = 10.9;
				ONLY_ACTIVE_ARCH = NO;
				OTHER_CFLAGS = "";
				OTHER_LDFLAGS = "";
				PRODUCT_NAME = "Phoenix Slides";
				SDKROOT = macosx;
				SECTORDER_FLAGS = "";
				VALID_ARCHS = "i386 x86_64";
				WARNING_CFLAGS = (
					"-Wmost",
					"-Wno-four-char-constants",
					"-Wno-unknown-pragmas",
				);
				WRAPPER_EXTENSION = app;
				ZERO_LINK = NO;
			};
			name = Deployment;
		};
		F25EA23F08672CB4003728C2 /* Default */ = {
			isa = XCBuildConfiguration;
			buildSettings = {
				COMBINE_HIDPI_IMAGES = YES;
				COPY_PHASE_STRIP = YES;
				FRAMEWORK_SEARCH_PATHS = "";
				GCC_GENERATE_DEBUGGING_SYMBOLS = NO;
				GCC_OPTIMIZATION_LEVEL = s;
				GCC_PRECOMPILE_PREFIX_HEADER = YES;
				GCC_PREFIX_HEADER = creevey_Prefix.pch;
				GCC_VERSION = "";
				GCC_WARN_ABOUT_MISSING_PROTOTYPES = NO;
				GCC_WARN_ABOUT_POINTER_SIGNEDNESS = NO;
				GCC_WARN_FOUR_CHARACTER_CONSTANTS = NO;
				GCC_WARN_UNKNOWN_PRAGMAS = NO;
				HEADER_SEARCH_PATHS = "";
				INFOPLIST_FILE = Info.plist;
				INSTALL_PATH = "$(HOME)/Applications";
				LIBRARY_SEARCH_PATHS = "$(SRCROOT)/libjpeg";
				MACOSX_DEPLOYMENT_TARGET = 10.9;
				ONLY_ACTIVE_ARCH = NO;
				OTHER_CFLAGS = "";
				OTHER_LDFLAGS = "";
				PRODUCT_NAME = "Phoenix Slides";
				SDKROOT = macosx;
				SECTORDER_FLAGS = "";
				VALID_ARCHS = "i386 x86_64";
				WARNING_CFLAGS = (
					"-Wmost",
					"-Wno-four-char-constants",
					"-Wno-unknown-pragmas",
				);
				WRAPPER_EXTENSION = app;
			};
			name = Default;
		};
		F25EA24108672CB4003728C2 /* Development */ = {
			isa = XCBuildConfiguration;
			buildSettings = {
				GCC_OPTIMIZATION_LEVEL = 0;
				GCC_VERSION = "";
				MACOSX_DEPLOYMENT_TARGET = 10.9;
				ONLY_ACTIVE_ARCH = NO;
				SDKROOT = macosx;
				ZERO_LINK = YES;
			};
			name = Development;
		};
		F25EA24208672CB4003728C2 /* Deployment */ = {
			isa = XCBuildConfiguration;
			buildSettings = {
				MACOSX_DEPLOYMENT_TARGET = 10.9;
				ONLY_ACTIVE_ARCH = NO;
				SDKROOT = macosx;
			};
			name = Deployment;
		};
		F25EA24308672CB4003728C2 /* Default */ = {
			isa = XCBuildConfiguration;
			buildSettings = {
				MACOSX_DEPLOYMENT_TARGET = 10.9;
				ONLY_ACTIVE_ARCH = NO;
				SDKROOT = macosx;
			};
			name = Default;
		};
/* End XCBuildConfiguration section */

/* Begin XCConfigurationList section */
		F25EA23C08672CB4003728C2 /* Build configuration list for PBXNativeTarget "Phoenix Slides" */ = {
			isa = XCConfigurationList;
			buildConfigurations = (
				F25EA23D08672CB4003728C2 /* Development */,
				F25EA23E08672CB4003728C2 /* Deployment */,
				F25EA23F08672CB4003728C2 /* Default */,
			);
			defaultConfigurationIsVisible = 0;
			defaultConfigurationName = Default;
		};
		F25EA24008672CB4003728C2 /* Build configuration list for PBXProject "creevey" */ = {
			isa = XCConfigurationList;
			buildConfigurations = (
				F25EA24108672CB4003728C2 /* Development */,
				F25EA24208672CB4003728C2 /* Deployment */,
				F25EA24308672CB4003728C2 /* Default */,
			);
			defaultConfigurationIsVisible = 0;
			defaultConfigurationName = Default;
		};
/* End XCConfigurationList section */
	};
	rootObject = 29B97313FDCFA39411CA2CEA /* Project object */;
}
